// !$*UTF8*$!
{
	archiveVersion = 1;
	classes = {
	};
	objectVersion = 56;
	objects = {

/* Begin PBXBuildFile section */
		B86297CF29A163BC0059280B /* Buttons.swift in Sources */ = {isa = PBXBuildFile; fileRef = B86297CE29A163BC0059280B /* Buttons.swift */; };
		B86297D129A1640B0059280B /* BorderedButton.swift in Sources */ = {isa = PBXBuildFile; fileRef = B86297D029A1640B0059280B /* BorderedButton.swift */; };
		B86297D329A164130059280B /* FilledButton.swift in Sources */ = {isa = PBXBuildFile; fileRef = B86297D229A164130059280B /* FilledButton.swift */; };
		B86297D529A166890059280B /* ButtonStyles.swift in Sources */ = {isa = PBXBuildFile; fileRef = B86297D429A166890059280B /* ButtonStyles.swift */; };
		B86297D729A25D4F0059280B /* Texts.swift in Sources */ = {isa = PBXBuildFile; fileRef = B86297D629A25D4F0059280B /* Texts.swift */; };
		B86297D929A25D690059280B /* Texts + Onboarding.swift in Sources */ = {isa = PBXBuildFile; fileRef = B86297D829A25D690059280B /* Texts + Onboarding.swift */; };
		B86297DB29A25F490059280B /* CarouselItem.swift in Sources */ = {isa = PBXBuildFile; fileRef = B86297DA29A25F490059280B /* CarouselItem.swift */; };
		B86297DD29A260BE0059280B /* Image + Extensions.swift in Sources */ = {isa = PBXBuildFile; fileRef = B86297DC29A260BE0059280B /* Image + Extensions.swift */; };
		B86297E029A28D5C0059280B /* iPhoneNumberField in Frameworks */ = {isa = PBXBuildFile; productRef = B86297DF29A28D5C0059280B /* iPhoneNumberField */; };
		B86793E22997C538006BFE29 /* AppDelegate.swift in Sources */ = {isa = PBXBuildFile; fileRef = B86793E12997C538006BFE29 /* AppDelegate.swift */; };
		B86793E42997C538006BFE29 /* SceneDelegate.swift in Sources */ = {isa = PBXBuildFile; fileRef = B86793E32997C538006BFE29 /* SceneDelegate.swift */; };
		B86793EB2997C539006BFE29 /* Assets.xcassets in Resources */ = {isa = PBXBuildFile; fileRef = B86793EA2997C539006BFE29 /* Assets.xcassets */; };
		B86793EE2997C539006BFE29 /* LaunchScreen.storyboard in Resources */ = {isa = PBXBuildFile; fileRef = B86793EC2997C539006BFE29 /* LaunchScreen.storyboard */; };
		B86793F72997D841006BFE29 /* RootCoordinator.swift in Sources */ = {isa = PBXBuildFile; fileRef = B86793F62997D841006BFE29 /* RootCoordinator.swift */; };
		B86793FA2997D880006BFE29 /* Coordinator.swift in Sources */ = {isa = PBXBuildFile; fileRef = B86793F92997D880006BFE29 /* Coordinator.swift */; };
		B86793FC2997DB7B006BFE29 /* DependecyContainer.swift in Sources */ = {isa = PBXBuildFile; fileRef = B86793FB2997DB7B006BFE29 /* DependecyContainer.swift */; };
		B86793FE2997DD6C006BFE29 /* UserSession.swift in Sources */ = {isa = PBXBuildFile; fileRef = B86793FD2997DD6C006BFE29 /* UserSession.swift */; };
		B86794012997E206006BFE29 /* UserDefaults + property wrapper.swift in Sources */ = {isa = PBXBuildFile; fileRef = B86794002997E206006BFE29 /* UserDefaults + property wrapper.swift */; };
		B867943129982EFD006BFE29 /* Lato-Thin.ttf in Resources */ = {isa = PBXBuildFile; fileRef = B867941F29982EFD006BFE29 /* Lato-Thin.ttf */; };
		B867943229982EFD006BFE29 /* Lato-Medium.ttf in Resources */ = {isa = PBXBuildFile; fileRef = B867942029982EFD006BFE29 /* Lato-Medium.ttf */; };
		B867943329982EFD006BFE29 /* Lato-Semibold.ttf in Resources */ = {isa = PBXBuildFile; fileRef = B867942129982EFD006BFE29 /* Lato-Semibold.ttf */; };
		B867943429982EFD006BFE29 /* Lato-Heavy.ttf in Resources */ = {isa = PBXBuildFile; fileRef = B867942229982EFD006BFE29 /* Lato-Heavy.ttf */; };
		B867943629982EFD006BFE29 /* Lato-Hairline.ttf in Resources */ = {isa = PBXBuildFile; fileRef = B867942429982EFD006BFE29 /* Lato-Hairline.ttf */; };
		B867943829982EFD006BFE29 /* Lato-Regular.ttf in Resources */ = {isa = PBXBuildFile; fileRef = B867942629982EFD006BFE29 /* Lato-Regular.ttf */; };
		B867943D29982EFD006BFE29 /* Lato-Bold.ttf in Resources */ = {isa = PBXBuildFile; fileRef = B867942B29982EFD006BFE29 /* Lato-Bold.ttf */; };
		B867943E29982EFD006BFE29 /* Lato-Light.ttf in Resources */ = {isa = PBXBuildFile; fileRef = B867942C29982EFD006BFE29 /* Lato-Light.ttf */; };
		B8679440299832B4006BFE29 /* Font + Extensions.swift in Sources */ = {isa = PBXBuildFile; fileRef = B867943F299832B4006BFE29 /* Font + Extensions.swift */; };
		B8A6DFB0299FD215005BA947 /* RegisterView.swift in Sources */ = {isa = PBXBuildFile; fileRef = B8A6DFAF299FD215005BA947 /* RegisterView.swift */; };
		B8A6DFB2299FD24D005BA947 /* RegisterViewModel.swift in Sources */ = {isa = PBXBuildFile; fileRef = B8A6DFB1299FD24D005BA947 /* RegisterViewModel.swift */; };
		B8A6DFB4299FD3B7005BA947 /* UINavigationController + Extensions.swift in Sources */ = {isa = PBXBuildFile; fileRef = B8A6DFB3299FD3B7005BA947 /* UINavigationController + Extensions.swift */; };
		B8A6DFBA29A0120E005BA947 /* OnboardingView.swift in Sources */ = {isa = PBXBuildFile; fileRef = B8A6DFB929A0120E005BA947 /* OnboardingView.swift */; };
		B8A6DFBC29A0127C005BA947 /* OnboardingViewModel.swift in Sources */ = {isa = PBXBuildFile; fileRef = B8A6DFBB29A0127C005BA947 /* OnboardingViewModel.swift */; };
		B8A6DFBF29A0149D005BA947 /* NavigationBar.swift in Sources */ = {isa = PBXBuildFile; fileRef = B8A6DFBE29A0149D005BA947 /* NavigationBar.swift */; };
		B8A6DFC229A0150D005BA947 /* ContainerWithNavigationBar.swift in Sources */ = {isa = PBXBuildFile; fileRef = B8A6DFC129A0150D005BA947 /* ContainerWithNavigationBar.swift */; };
		B8D3E6E829A0CF1400A588A8 /* Color + Extensions.swift in Sources */ = {isa = PBXBuildFile; fileRef = B8D3E6E729A0CF1400A588A8 /* Color + Extensions.swift */; };
		B8D3E6EA29A118F200A588A8 /* View + Extensions.swift in Sources */ = {isa = PBXBuildFile; fileRef = B8D3E6E929A118F200A588A8 /* View + Extensions.swift */; };
		B8D3E6F229A12ACA00A588A8 /* CarouselView.swift in Sources */ = {isa = PBXBuildFile; fileRef = B8D3E6F129A12ACA00A588A8 /* CarouselView.swift */; };
		B8D3E6F429A1368D00A588A8 /* Shape + Utils.swift in Sources */ = {isa = PBXBuildFile; fileRef = B8D3E6F329A1368D00A588A8 /* Shape + Utils.swift */; };
		B8EA843229990A1D009D83E7 /* AuthenticationCoordinator.swift in Sources */ = {isa = PBXBuildFile; fileRef = B8EA843129990A1D009D83E7 /* AuthenticationCoordinator.swift */; };
		B8EA8435299917D7009D83E7 /* LoginView.swift in Sources */ = {isa = PBXBuildFile; fileRef = B8EA8434299917D7009D83E7 /* LoginView.swift */; };
		B8EA8437299917E2009D83E7 /* LoginViewModel.swift in Sources */ = {isa = PBXBuildFile; fileRef = B8EA8436299917E2009D83E7 /* LoginViewModel.swift */; };
		B8EA843C299937F6009D83E7 /* UIWindow + Extensions.swift in Sources */ = {isa = PBXBuildFile; fileRef = B8EA843B299937F6009D83E7 /* UIWindow + Extensions.swift */; };
/* End PBXBuildFile section */

/* Begin PBXFileReference section */
		B86297CE29A163BC0059280B /* Buttons.swift */ = {isa = PBXFileReference; lastKnownFileType = sourcecode.swift; path = Buttons.swift; sourceTree = "<group>"; };
		B86297D029A1640B0059280B /* BorderedButton.swift */ = {isa = PBXFileReference; lastKnownFileType = sourcecode.swift; path = BorderedButton.swift; sourceTree = "<group>"; };
		B86297D229A164130059280B /* FilledButton.swift */ = {isa = PBXFileReference; lastKnownFileType = sourcecode.swift; path = FilledButton.swift; sourceTree = "<group>"; };
		B86297D429A166890059280B /* ButtonStyles.swift */ = {isa = PBXFileReference; lastKnownFileType = sourcecode.swift; path = ButtonStyles.swift; sourceTree = "<group>"; };
		B86297D629A25D4F0059280B /* Texts.swift */ = {isa = PBXFileReference; lastKnownFileType = sourcecode.swift; path = Texts.swift; sourceTree = "<group>"; };
		B86297D829A25D690059280B /* Texts + Onboarding.swift */ = {isa = PBXFileReference; lastKnownFileType = sourcecode.swift; path = "Texts + Onboarding.swift"; sourceTree = "<group>"; };
		B86297DA29A25F490059280B /* CarouselItem.swift */ = {isa = PBXFileReference; lastKnownFileType = sourcecode.swift; path = CarouselItem.swift; sourceTree = "<group>"; };
		B86297DC29A260BE0059280B /* Image + Extensions.swift */ = {isa = PBXFileReference; lastKnownFileType = sourcecode.swift; path = "Image + Extensions.swift"; sourceTree = "<group>"; };
		B86793DE2997C538006BFE29 /* HeadFlow.app */ = {isa = PBXFileReference; explicitFileType = wrapper.application; includeInIndex = 0; path = HeadFlow.app; sourceTree = BUILT_PRODUCTS_DIR; };
		B86793E12997C538006BFE29 /* AppDelegate.swift */ = {isa = PBXFileReference; lastKnownFileType = sourcecode.swift; path = AppDelegate.swift; sourceTree = "<group>"; };
		B86793E32997C538006BFE29 /* SceneDelegate.swift */ = {isa = PBXFileReference; lastKnownFileType = sourcecode.swift; path = SceneDelegate.swift; sourceTree = "<group>"; };
		B86793EA2997C539006BFE29 /* Assets.xcassets */ = {isa = PBXFileReference; lastKnownFileType = folder.assetcatalog; path = Assets.xcassets; sourceTree = "<group>"; };
		B86793ED2997C539006BFE29 /* Base */ = {isa = PBXFileReference; lastKnownFileType = file.storyboard; name = Base; path = Base.lproj/LaunchScreen.storyboard; sourceTree = "<group>"; };
		B86793EF2997C539006BFE29 /* Info.plist */ = {isa = PBXFileReference; lastKnownFileType = text.plist.xml; path = Info.plist; sourceTree = "<group>"; };
		B86793F62997D841006BFE29 /* RootCoordinator.swift */ = {isa = PBXFileReference; lastKnownFileType = sourcecode.swift; path = RootCoordinator.swift; sourceTree = "<group>"; };
		B86793F92997D880006BFE29 /* Coordinator.swift */ = {isa = PBXFileReference; lastKnownFileType = sourcecode.swift; path = Coordinator.swift; sourceTree = "<group>"; };
		B86793FB2997DB7B006BFE29 /* DependecyContainer.swift */ = {isa = PBXFileReference; lastKnownFileType = sourcecode.swift; path = DependecyContainer.swift; sourceTree = "<group>"; };
		B86793FD2997DD6C006BFE29 /* UserSession.swift */ = {isa = PBXFileReference; lastKnownFileType = sourcecode.swift; path = UserSession.swift; sourceTree = "<group>"; };
		B86794002997E206006BFE29 /* UserDefaults + property wrapper.swift */ = {isa = PBXFileReference; lastKnownFileType = sourcecode.swift; path = "UserDefaults + property wrapper.swift"; sourceTree = "<group>"; };
		B867941F29982EFD006BFE29 /* Lato-Thin.ttf */ = {isa = PBXFileReference; lastKnownFileType = file; path = "Lato-Thin.ttf"; sourceTree = "<group>"; };
		B867942029982EFD006BFE29 /* Lato-Medium.ttf */ = {isa = PBXFileReference; lastKnownFileType = file; path = "Lato-Medium.ttf"; sourceTree = "<group>"; };
		B867942129982EFD006BFE29 /* Lato-Semibold.ttf */ = {isa = PBXFileReference; lastKnownFileType = file; path = "Lato-Semibold.ttf"; sourceTree = "<group>"; };
		B867942229982EFD006BFE29 /* Lato-Heavy.ttf */ = {isa = PBXFileReference; lastKnownFileType = file; path = "Lato-Heavy.ttf"; sourceTree = "<group>"; };
		B867942429982EFD006BFE29 /* Lato-Hairline.ttf */ = {isa = PBXFileReference; lastKnownFileType = file; path = "Lato-Hairline.ttf"; sourceTree = "<group>"; };
		B867942629982EFD006BFE29 /* Lato-Regular.ttf */ = {isa = PBXFileReference; lastKnownFileType = file; path = "Lato-Regular.ttf"; sourceTree = "<group>"; };
		B867942B29982EFD006BFE29 /* Lato-Bold.ttf */ = {isa = PBXFileReference; lastKnownFileType = file; path = "Lato-Bold.ttf"; sourceTree = "<group>"; };
		B867942C29982EFD006BFE29 /* Lato-Light.ttf */ = {isa = PBXFileReference; lastKnownFileType = file; path = "Lato-Light.ttf"; sourceTree = "<group>"; };
		B867943F299832B4006BFE29 /* Font + Extensions.swift */ = {isa = PBXFileReference; lastKnownFileType = sourcecode.swift; path = "Font + Extensions.swift"; sourceTree = "<group>"; };
		B8A6DFAF299FD215005BA947 /* RegisterView.swift */ = {isa = PBXFileReference; lastKnownFileType = sourcecode.swift; path = RegisterView.swift; sourceTree = "<group>"; };
		B8A6DFB1299FD24D005BA947 /* RegisterViewModel.swift */ = {isa = PBXFileReference; lastKnownFileType = sourcecode.swift; path = RegisterViewModel.swift; sourceTree = "<group>"; };
		B8A6DFB3299FD3B7005BA947 /* UINavigationController + Extensions.swift */ = {isa = PBXFileReference; lastKnownFileType = sourcecode.swift; path = "UINavigationController + Extensions.swift"; sourceTree = "<group>"; };
		B8A6DFB929A0120E005BA947 /* OnboardingView.swift */ = {isa = PBXFileReference; lastKnownFileType = sourcecode.swift; path = OnboardingView.swift; sourceTree = "<group>"; };
		B8A6DFBB29A0127C005BA947 /* OnboardingViewModel.swift */ = {isa = PBXFileReference; lastKnownFileType = sourcecode.swift; path = OnboardingViewModel.swift; sourceTree = "<group>"; };
		B8A6DFBE29A0149D005BA947 /* NavigationBar.swift */ = {isa = PBXFileReference; lastKnownFileType = sourcecode.swift; path = NavigationBar.swift; sourceTree = "<group>"; };
		B8A6DFC129A0150D005BA947 /* ContainerWithNavigationBar.swift */ = {isa = PBXFileReference; lastKnownFileType = sourcecode.swift; path = ContainerWithNavigationBar.swift; sourceTree = "<group>"; };
		B8D3E6E729A0CF1400A588A8 /* Color + Extensions.swift */ = {isa = PBXFileReference; lastKnownFileType = sourcecode.swift; path = "Color + Extensions.swift"; sourceTree = "<group>"; };
		B8D3E6E929A118F200A588A8 /* View + Extensions.swift */ = {isa = PBXFileReference; lastKnownFileType = sourcecode.swift; path = "View + Extensions.swift"; sourceTree = "<group>"; };
		B8D3E6F129A12ACA00A588A8 /* CarouselView.swift */ = {isa = PBXFileReference; lastKnownFileType = sourcecode.swift; path = CarouselView.swift; sourceTree = "<group>"; };
		B8D3E6F329A1368D00A588A8 /* Shape + Utils.swift */ = {isa = PBXFileReference; lastKnownFileType = sourcecode.swift; path = "Shape + Utils.swift"; sourceTree = "<group>"; };
		B8EA843129990A1D009D83E7 /* AuthenticationCoordinator.swift */ = {isa = PBXFileReference; lastKnownFileType = sourcecode.swift; path = AuthenticationCoordinator.swift; sourceTree = "<group>"; };
		B8EA8434299917D7009D83E7 /* LoginView.swift */ = {isa = PBXFileReference; lastKnownFileType = sourcecode.swift; path = LoginView.swift; sourceTree = "<group>"; };
		B8EA8436299917E2009D83E7 /* LoginViewModel.swift */ = {isa = PBXFileReference; lastKnownFileType = sourcecode.swift; path = LoginViewModel.swift; sourceTree = "<group>"; };
		B8EA843B299937F6009D83E7 /* UIWindow + Extensions.swift */ = {isa = PBXFileReference; lastKnownFileType = sourcecode.swift; path = "UIWindow + Extensions.swift"; sourceTree = "<group>"; };
/* End PBXFileReference section */

/* Begin PBXFrameworksBuildPhase section */
		B86793DB2997C538006BFE29 /* Frameworks */ = {
			isa = PBXFrameworksBuildPhase;
			buildActionMask = 2147483647;
			files = (
				B86297E029A28D5C0059280B /* iPhoneNumberField in Frameworks */,
			);
			runOnlyForDeploymentPostprocessing = 0;
		};
/* End PBXFrameworksBuildPhase section */

/* Begin PBXGroup section */
		B86297CD29A162CC0059280B /* Buttons */ = {
			isa = PBXGroup;
			children = (
				B86297CE29A163BC0059280B /* Buttons.swift */,
				B86297D029A1640B0059280B /* BorderedButton.swift */,
				B86297D229A164130059280B /* FilledButton.swift */,
				B86297D429A166890059280B /* ButtonStyles.swift */,
			);
			path = Buttons;
			sourceTree = "<group>";
		};
		B86793D52997C538006BFE29 = {
			isa = PBXGroup;
			children = (
				B86793E02997C538006BFE29 /* HeadFlow */,
				B86793DF2997C538006BFE29 /* Products */,
			);
			sourceTree = "<group>";
		};
		B86793DF2997C538006BFE29 /* Products */ = {
			isa = PBXGroup;
			children = (
				B86793DE2997C538006BFE29 /* HeadFlow.app */,
			);
			name = Products;
			sourceTree = "<group>";
		};
		B86793E02997C538006BFE29 /* HeadFlow */ = {
			isa = PBXGroup;
			children = (
				B86793E12997C538006BFE29 /* AppDelegate.swift */,
				B86793E32997C538006BFE29 /* SceneDelegate.swift */,
				B86793F82997D86C006BFE29 /* Services */,
				B86793F52997D82B006BFE29 /* Flows */,
				B8A6DFBD29A01483005BA947 /* Reusables */,
				B86793FF2997E1E9006BFE29 /* Utils */,
				B86793EA2997C539006BFE29 /* Assets.xcassets */,
				B86793EC2997C539006BFE29 /* LaunchScreen.storyboard */,
				B86793EF2997C539006BFE29 /* Info.plist */,
			);
			path = HeadFlow;
			sourceTree = "<group>";
		};
		B86793F52997D82B006BFE29 /* Flows */ = {
			isa = PBXGroup;
			children = (
				B86793F62997D841006BFE29 /* RootCoordinator.swift */,
				B8EA842F299909DB009D83E7 /* Authentication */,
				B8EA8430299909E4009D83E7 /* Main */,
			);
			path = Flows;
			sourceTree = "<group>";
		};
		B86793F82997D86C006BFE29 /* Services */ = {
			isa = PBXGroup;
			children = (
				B86793F92997D880006BFE29 /* Coordinator.swift */,
				B86793FB2997DB7B006BFE29 /* DependecyContainer.swift */,
				B86793FD2997DD6C006BFE29 /* UserSession.swift */,
			);
			path = Services;
			sourceTree = "<group>";
		};
		B86793FF2997E1E9006BFE29 /* Utils */ = {
			isa = PBXGroup;
			children = (
				B8D3E6E629A0CEF000A588A8 /* SwiftUI + Utils */,
				B8EA843A299937B1009D83E7 /* UIKit + Utils */,
				B867940229982DF5006BFE29 /* Fonts */,
				B86794002997E206006BFE29 /* UserDefaults + property wrapper.swift */,
				B86297D629A25D4F0059280B /* Texts.swift */,
			);
			path = Utils;
			sourceTree = "<group>";
		};
		B867940229982DF5006BFE29 /* Fonts */ = {
			isa = PBXGroup;
			children = (
				B867942229982EFD006BFE29 /* Lato-Heavy.ttf */,
				B867942B29982EFD006BFE29 /* Lato-Bold.ttf */,
				B867942129982EFD006BFE29 /* Lato-Semibold.ttf */,
				B867942629982EFD006BFE29 /* Lato-Regular.ttf */,
				B867942029982EFD006BFE29 /* Lato-Medium.ttf */,
				B867942C29982EFD006BFE29 /* Lato-Light.ttf */,
				B867941F29982EFD006BFE29 /* Lato-Thin.ttf */,
				B867942429982EFD006BFE29 /* Lato-Hairline.ttf */,
				B867943F299832B4006BFE29 /* Font + Extensions.swift */,
			);
			path = Fonts;
			sourceTree = "<group>";
		};
		B8A6DFAE299FD200005BA947 /* Register */ = {
			isa = PBXGroup;
			children = (
				B8A6DFAF299FD215005BA947 /* RegisterView.swift */,
				B8A6DFB1299FD24D005BA947 /* RegisterViewModel.swift */,
			);
			path = Register;
			sourceTree = "<group>";
		};
		B8A6DFB829A011FD005BA947 /* Onboarding */ = {
			isa = PBXGroup;
			children = (
				B8A6DFB929A0120E005BA947 /* OnboardingView.swift */,
				B8A6DFBB29A0127C005BA947 /* OnboardingViewModel.swift */,
				B8D3E6F129A12ACA00A588A8 /* CarouselView.swift */,
				B86297DA29A25F490059280B /* CarouselItem.swift */,
				B86297D829A25D690059280B /* Texts + Onboarding.swift */,
			);
			path = Onboarding;
			sourceTree = "<group>";
		};
		B8A6DFBD29A01483005BA947 /* Reusables */ = {
			isa = PBXGroup;
			children = (
				B86297CD29A162CC0059280B /* Buttons */,
				B8A6DFC029A014EF005BA947 /* NavigationBar */,
			);
			path = Reusables;
			sourceTree = "<group>";
		};
		B8A6DFC029A014EF005BA947 /* NavigationBar */ = {
			isa = PBXGroup;
			children = (
				B8A6DFBE29A0149D005BA947 /* NavigationBar.swift */,
				B8A6DFC129A0150D005BA947 /* ContainerWithNavigationBar.swift */,
			);
			path = NavigationBar;
			sourceTree = "<group>";
		};
		B8D3E6E629A0CEF000A588A8 /* SwiftUI + Utils */ = {
			isa = PBXGroup;
			children = (
				B8D3E6E729A0CF1400A588A8 /* Color + Extensions.swift */,
				B8D3E6E929A118F200A588A8 /* View + Extensions.swift */,
				B8D3E6F329A1368D00A588A8 /* Shape + Utils.swift */,
				B86297DC29A260BE0059280B /* Image + Extensions.swift */,
			);
			path = "SwiftUI + Utils";
			sourceTree = "<group>";
		};
		B8EA842F299909DB009D83E7 /* Authentication */ = {
			isa = PBXGroup;
			children = (
				B8EA843129990A1D009D83E7 /* AuthenticationCoordinator.swift */,
				B8A6DFB829A011FD005BA947 /* Onboarding */,
				B8EA8433299917C8009D83E7 /* Login */,
				B8A6DFAE299FD200005BA947 /* Register */,
			);
			path = Authentication;
			sourceTree = "<group>";
		};
		B8EA8430299909E4009D83E7 /* Main */ = {
			isa = PBXGroup;
			children = (
			);
			path = Main;
			sourceTree = "<group>";
		};
		B8EA8433299917C8009D83E7 /* Login */ = {
			isa = PBXGroup;
			children = (
				B8EA8434299917D7009D83E7 /* LoginView.swift */,
				B8EA8436299917E2009D83E7 /* LoginViewModel.swift */,
			);
			path = Login;
			sourceTree = "<group>";
		};
		B8EA843A299937B1009D83E7 /* UIKit + Utils */ = {
			isa = PBXGroup;
			children = (
				B8EA843B299937F6009D83E7 /* UIWindow + Extensions.swift */,
				B8A6DFB3299FD3B7005BA947 /* UINavigationController + Extensions.swift */,
			);
			path = "UIKit + Utils";
			sourceTree = "<group>";
		};
/* End PBXGroup section */

/* Begin PBXNativeTarget section */
		B86793DD2997C538006BFE29 /* HeadFlow */ = {
			isa = PBXNativeTarget;
			buildConfigurationList = B86793F22997C539006BFE29 /* Build configuration list for PBXNativeTarget "HeadFlow" */;
			buildPhases = (
				B86793DA2997C538006BFE29 /* Sources */,
				B86793DB2997C538006BFE29 /* Frameworks */,
				B86793DC2997C538006BFE29 /* Resources */,
			);
			buildRules = (
			);
			dependencies = (
			);
			name = HeadFlow;
			packageProductDependencies = (
				B86297DF29A28D5C0059280B /* iPhoneNumberField */,
			);
			productName = HeadFlow;
			productReference = B86793DE2997C538006BFE29 /* HeadFlow.app */;
			productType = "com.apple.product-type.application";
		};
/* End PBXNativeTarget section */

/* Begin PBXProject section */
		B86793D62997C538006BFE29 /* Project object */ = {
			isa = PBXProject;
			attributes = {
				BuildIndependentTargetsInParallel = 1;
				LastSwiftUpdateCheck = 1400;
				LastUpgradeCheck = 1400;
				TargetAttributes = {
					B86793DD2997C538006BFE29 = {
						CreatedOnToolsVersion = 14.0.1;
					};
				};
			};
			buildConfigurationList = B86793D92997C538006BFE29 /* Build configuration list for PBXProject "HeadFlow" */;
			compatibilityVersion = "Xcode 14.0";
			developmentRegion = en;
			hasScannedForEncodings = 0;
			knownRegions = (
				en,
				Base,
			);
			mainGroup = B86793D52997C538006BFE29;
			packageReferences = (
				B86297DE29A28D5C0059280B /* XCRemoteSwiftPackageReference "iPhoneNumberField" */,
			);
			productRefGroup = B86793DF2997C538006BFE29 /* Products */;
			projectDirPath = "";
			projectRoot = "";
			targets = (
				B86793DD2997C538006BFE29 /* HeadFlow */,
			);
		};
/* End PBXProject section */

/* Begin PBXResourcesBuildPhase section */
		B86793DC2997C538006BFE29 /* Resources */ = {
			isa = PBXResourcesBuildPhase;
			buildActionMask = 2147483647;
			files = (
				B867943629982EFD006BFE29 /* Lato-Hairline.ttf in Resources */,
				B867943129982EFD006BFE29 /* Lato-Thin.ttf in Resources */,
				B86793EE2997C539006BFE29 /* LaunchScreen.storyboard in Resources */,
				B867943E29982EFD006BFE29 /* Lato-Light.ttf in Resources */,
				B86793EB2997C539006BFE29 /* Assets.xcassets in Resources */,
				B867943229982EFD006BFE29 /* Lato-Medium.ttf in Resources */,
				B867943829982EFD006BFE29 /* Lato-Regular.ttf in Resources */,
				B867943329982EFD006BFE29 /* Lato-Semibold.ttf in Resources */,
				B867943D29982EFD006BFE29 /* Lato-Bold.ttf in Resources */,
				B867943429982EFD006BFE29 /* Lato-Heavy.ttf in Resources */,
			);
			runOnlyForDeploymentPostprocessing = 0;
		};
/* End PBXResourcesBuildPhase section */

/* Begin PBXSourcesBuildPhase section */
		B86793DA2997C538006BFE29 /* Sources */ = {
			isa = PBXSourcesBuildPhase;
			buildActionMask = 2147483647;
			files = (
				B8A6DFB4299FD3B7005BA947 /* UINavigationController + Extensions.swift in Sources */,
				B8A6DFB2299FD24D005BA947 /* RegisterViewModel.swift in Sources */,
				B86794012997E206006BFE29 /* UserDefaults + property wrapper.swift in Sources */,
				B86793F72997D841006BFE29 /* RootCoordinator.swift in Sources */,
				B8A6DFB0299FD215005BA947 /* RegisterView.swift in Sources */,
				B86297D929A25D690059280B /* Texts + Onboarding.swift in Sources */,
				B86297D329A164130059280B /* FilledButton.swift in Sources */,
				B8D3E6E829A0CF1400A588A8 /* Color + Extensions.swift in Sources */,
				B86297DB29A25F490059280B /* CarouselItem.swift in Sources */,
				B8A6DFBF29A0149D005BA947 /* NavigationBar.swift in Sources */,
				B86297DD29A260BE0059280B /* Image + Extensions.swift in Sources */,
				B8EA8437299917E2009D83E7 /* LoginViewModel.swift in Sources */,
				B86793FC2997DB7B006BFE29 /* DependecyContainer.swift in Sources */,
				B8679440299832B4006BFE29 /* Font + Extensions.swift in Sources */,
				B86297D129A1640B0059280B /* BorderedButton.swift in Sources */,
				B86793FE2997DD6C006BFE29 /* UserSession.swift in Sources */,
				B8A6DFBC29A0127C005BA947 /* OnboardingViewModel.swift in Sources */,
				B8EA843C299937F6009D83E7 /* UIWindow + Extensions.swift in Sources */,
				B86793FA2997D880006BFE29 /* Coordinator.swift in Sources */,
				B8A6DFC229A0150D005BA947 /* ContainerWithNavigationBar.swift in Sources */,
				B86297CF29A163BC0059280B /* Buttons.swift in Sources */,
				B8EA843229990A1D009D83E7 /* AuthenticationCoordinator.swift in Sources */,
				B86793E22997C538006BFE29 /* AppDelegate.swift in Sources */,
				B8EA8435299917D7009D83E7 /* LoginView.swift in Sources */,
				B8D3E6EA29A118F200A588A8 /* View + Extensions.swift in Sources */,
				B86297D729A25D4F0059280B /* Texts.swift in Sources */,
				B86297D529A166890059280B /* ButtonStyles.swift in Sources */,
				B8D3E6F429A1368D00A588A8 /* Shape + Utils.swift in Sources */,
				B8D3E6F229A12ACA00A588A8 /* CarouselView.swift in Sources */,
				B8A6DFBA29A0120E005BA947 /* OnboardingView.swift in Sources */,
				B86793E42997C538006BFE29 /* SceneDelegate.swift in Sources */,
			);
			runOnlyForDeploymentPostprocessing = 0;
		};
/* End PBXSourcesBuildPhase section */

/* Begin PBXVariantGroup section */
		B86793EC2997C539006BFE29 /* LaunchScreen.storyboard */ = {
			isa = PBXVariantGroup;
			children = (
				B86793ED2997C539006BFE29 /* Base */,
			);
			name = LaunchScreen.storyboard;
			sourceTree = "<group>";
		};
/* End PBXVariantGroup section */

/* Begin XCBuildConfiguration section */
		B86793F02997C539006BFE29 /* Debug */ = {
			isa = XCBuildConfiguration;
			buildSettings = {
				ALWAYS_SEARCH_USER_PATHS = NO;
				CLANG_ANALYZER_NONNULL = YES;
				CLANG_ANALYZER_NUMBER_OBJECT_CONVERSION = YES_AGGRESSIVE;
				CLANG_CXX_LANGUAGE_STANDARD = "gnu++20";
				CLANG_ENABLE_MODULES = YES;
				CLANG_ENABLE_OBJC_ARC = YES;
				CLANG_ENABLE_OBJC_WEAK = YES;
				CLANG_WARN_BLOCK_CAPTURE_AUTORELEASING = YES;
				CLANG_WARN_BOOL_CONVERSION = YES;
				CLANG_WARN_COMMA = YES;
				CLANG_WARN_CONSTANT_CONVERSION = YES;
				CLANG_WARN_DEPRECATED_OBJC_IMPLEMENTATIONS = YES;
				CLANG_WARN_DIRECT_OBJC_ISA_USAGE = YES_ERROR;
				CLANG_WARN_DOCUMENTATION_COMMENTS = YES;
				CLANG_WARN_EMPTY_BODY = YES;
				CLANG_WARN_ENUM_CONVERSION = YES;
				CLANG_WARN_INFINITE_RECURSION = YES;
				CLANG_WARN_INT_CONVERSION = YES;
				CLANG_WARN_NON_LITERAL_NULL_CONVERSION = YES;
				CLANG_WARN_OBJC_IMPLICIT_RETAIN_SELF = YES;
				CLANG_WARN_OBJC_LITERAL_CONVERSION = YES;
				CLANG_WARN_OBJC_ROOT_CLASS = YES_ERROR;
				CLANG_WARN_QUOTED_INCLUDE_IN_FRAMEWORK_HEADER = YES;
				CLANG_WARN_RANGE_LOOP_ANALYSIS = YES;
				CLANG_WARN_STRICT_PROTOTYPES = YES;
				CLANG_WARN_SUSPICIOUS_MOVE = YES;
				CLANG_WARN_UNGUARDED_AVAILABILITY = YES_AGGRESSIVE;
				CLANG_WARN_UNREACHABLE_CODE = YES;
				CLANG_WARN__DUPLICATE_METHOD_MATCH = YES;
				COPY_PHASE_STRIP = NO;
				DEBUG_INFORMATION_FORMAT = dwarf;
				ENABLE_STRICT_OBJC_MSGSEND = YES;
				ENABLE_TESTABILITY = YES;
				GCC_C_LANGUAGE_STANDARD = gnu11;
				GCC_DYNAMIC_NO_PIC = NO;
				GCC_NO_COMMON_BLOCKS = YES;
				GCC_OPTIMIZATION_LEVEL = 0;
				GCC_PREPROCESSOR_DEFINITIONS = (
					"DEBUG=1",
					"$(inherited)",
				);
				GCC_WARN_64_TO_32_BIT_CONVERSION = YES;
				GCC_WARN_ABOUT_RETURN_TYPE = YES_ERROR;
				GCC_WARN_UNDECLARED_SELECTOR = YES;
				GCC_WARN_UNINITIALIZED_AUTOS = YES_AGGRESSIVE;
				GCC_WARN_UNUSED_FUNCTION = YES;
				GCC_WARN_UNUSED_VARIABLE = YES;
				IPHONEOS_DEPLOYMENT_TARGET = 15.0;
				MTL_ENABLE_DEBUG_INFO = INCLUDE_SOURCE;
				MTL_FAST_MATH = YES;
				ONLY_ACTIVE_ARCH = YES;
				SDKROOT = iphoneos;
				SWIFT_ACTIVE_COMPILATION_CONDITIONS = DEBUG;
				SWIFT_OPTIMIZATION_LEVEL = "-Onone";
			};
			name = Debug;
		};
		B86793F12997C539006BFE29 /* Release */ = {
			isa = XCBuildConfiguration;
			buildSettings = {
				ALWAYS_SEARCH_USER_PATHS = NO;
				CLANG_ANALYZER_NONNULL = YES;
				CLANG_ANALYZER_NUMBER_OBJECT_CONVERSION = YES_AGGRESSIVE;
				CLANG_CXX_LANGUAGE_STANDARD = "gnu++20";
				CLANG_ENABLE_MODULES = YES;
				CLANG_ENABLE_OBJC_ARC = YES;
				CLANG_ENABLE_OBJC_WEAK = YES;
				CLANG_WARN_BLOCK_CAPTURE_AUTORELEASING = YES;
				CLANG_WARN_BOOL_CONVERSION = YES;
				CLANG_WARN_COMMA = YES;
				CLANG_WARN_CONSTANT_CONVERSION = YES;
				CLANG_WARN_DEPRECATED_OBJC_IMPLEMENTATIONS = YES;
				CLANG_WARN_DIRECT_OBJC_ISA_USAGE = YES_ERROR;
				CLANG_WARN_DOCUMENTATION_COMMENTS = YES;
				CLANG_WARN_EMPTY_BODY = YES;
				CLANG_WARN_ENUM_CONVERSION = YES;
				CLANG_WARN_INFINITE_RECURSION = YES;
				CLANG_WARN_INT_CONVERSION = YES;
				CLANG_WARN_NON_LITERAL_NULL_CONVERSION = YES;
				CLANG_WARN_OBJC_IMPLICIT_RETAIN_SELF = YES;
				CLANG_WARN_OBJC_LITERAL_CONVERSION = YES;
				CLANG_WARN_OBJC_ROOT_CLASS = YES_ERROR;
				CLANG_WARN_QUOTED_INCLUDE_IN_FRAMEWORK_HEADER = YES;
				CLANG_WARN_RANGE_LOOP_ANALYSIS = YES;
				CLANG_WARN_STRICT_PROTOTYPES = YES;
				CLANG_WARN_SUSPICIOUS_MOVE = YES;
				CLANG_WARN_UNGUARDED_AVAILABILITY = YES_AGGRESSIVE;
				CLANG_WARN_UNREACHABLE_CODE = YES;
				CLANG_WARN__DUPLICATE_METHOD_MATCH = YES;
				COPY_PHASE_STRIP = NO;
				DEBUG_INFORMATION_FORMAT = "dwarf-with-dsym";
				ENABLE_NS_ASSERTIONS = NO;
				ENABLE_STRICT_OBJC_MSGSEND = YES;
				GCC_C_LANGUAGE_STANDARD = gnu11;
				GCC_NO_COMMON_BLOCKS = YES;
				GCC_WARN_64_TO_32_BIT_CONVERSION = YES;
				GCC_WARN_ABOUT_RETURN_TYPE = YES_ERROR;
				GCC_WARN_UNDECLARED_SELECTOR = YES;
				GCC_WARN_UNINITIALIZED_AUTOS = YES_AGGRESSIVE;
				GCC_WARN_UNUSED_FUNCTION = YES;
				GCC_WARN_UNUSED_VARIABLE = YES;
				IPHONEOS_DEPLOYMENT_TARGET = 15.0;
				MTL_ENABLE_DEBUG_INFO = NO;
				MTL_FAST_MATH = YES;
				SDKROOT = iphoneos;
				SWIFT_COMPILATION_MODE = wholemodule;
				SWIFT_OPTIMIZATION_LEVEL = "-O";
				VALIDATE_PRODUCT = YES;
			};
			name = Release;
		};
		B86793F32997C539006BFE29 /* Debug */ = {
			isa = XCBuildConfiguration;
			buildSettings = {
				ASSETCATALOG_COMPILER_APPICON_NAME = AppIcon;
				ASSETCATALOG_COMPILER_GLOBAL_ACCENT_COLOR_NAME = AccentColor;
				CODE_SIGN_STYLE = Automatic;
				CURRENT_PROJECT_VERSION = 1;
				DEVELOPMENT_TEAM = 2CM47V2KMG;
				GENERATE_INFOPLIST_FILE = YES;
				INFOPLIST_FILE = HeadFlow/Info.plist;
				INFOPLIST_KEY_UIApplicationSupportsIndirectInputEvents = YES;
				INFOPLIST_KEY_UILaunchStoryboardName = LaunchScreen.storyboard;
				INFOPLIST_KEY_UIStatusBarStyle = "";
				INFOPLIST_KEY_UISupportedInterfaceOrientations_iPad = "UIInterfaceOrientationPortrait UIInterfaceOrientationPortraitUpsideDown UIInterfaceOrientationLandscapeLeft UIInterfaceOrientationLandscapeRight";
				INFOPLIST_KEY_UISupportedInterfaceOrientations_iPhone = "UIInterfaceOrientationPortrait UIInterfaceOrientationLandscapeLeft UIInterfaceOrientationLandscapeRight";
				IPHONEOS_DEPLOYMENT_TARGET = 15.0;
				LD_RUNPATH_SEARCH_PATHS = (
					"$(inherited)",
					"@executable_path/Frameworks",
				);
				MARKETING_VERSION = 1.0;
				PRODUCT_BUNDLE_IDENTIFIER = me.Daria.Andrioaie.HeadFlow;
				PRODUCT_NAME = "$(TARGET_NAME)";
				SWIFT_EMIT_LOC_STRINGS = YES;
				SWIFT_VERSION = 5.0;
				TARGETED_DEVICE_FAMILY = "1,2";
			};
			name = Debug;
		};
		B86793F42997C539006BFE29 /* Release */ = {
			isa = XCBuildConfiguration;
			buildSettings = {
				ASSETCATALOG_COMPILER_APPICON_NAME = AppIcon;
				ASSETCATALOG_COMPILER_GLOBAL_ACCENT_COLOR_NAME = AccentColor;
				CODE_SIGN_STYLE = Automatic;
				CURRENT_PROJECT_VERSION = 1;
				DEVELOPMENT_TEAM = 2CM47V2KMG;
				GENERATE_INFOPLIST_FILE = YES;
				INFOPLIST_FILE = HeadFlow/Info.plist;
				INFOPLIST_KEY_UIApplicationSupportsIndirectInputEvents = YES;
				INFOPLIST_KEY_UILaunchStoryboardName = LaunchScreen.storyboard;
				INFOPLIST_KEY_UIStatusBarStyle = "";
				INFOPLIST_KEY_UISupportedInterfaceOrientations_iPad = "UIInterfaceOrientationPortrait UIInterfaceOrientationPortraitUpsideDown UIInterfaceOrientationLandscapeLeft UIInterfaceOrientationLandscapeRight";
				INFOPLIST_KEY_UISupportedInterfaceOrientations_iPhone = "UIInterfaceOrientationPortrait UIInterfaceOrientationLandscapeLeft UIInterfaceOrientationLandscapeRight";
				IPHONEOS_DEPLOYMENT_TARGET = 15.0;
				LD_RUNPATH_SEARCH_PATHS = (
					"$(inherited)",
					"@executable_path/Frameworks",
				);
				MARKETING_VERSION = 1.0;
				PRODUCT_BUNDLE_IDENTIFIER = me.Daria.Andrioaie.HeadFlow;
				PRODUCT_NAME = "$(TARGET_NAME)";
				SWIFT_EMIT_LOC_STRINGS = YES;
				SWIFT_VERSION = 5.0;
				TARGETED_DEVICE_FAMILY = "1,2";
			};
			name = Release;
		};
/* End XCBuildConfiguration section */

/* Begin XCConfigurationList section */
		B86793D92997C538006BFE29 /* Build configuration list for PBXProject "HeadFlow" */ = {
			isa = XCConfigurationList;
			buildConfigurations = (
				B86793F02997C539006BFE29 /* Debug */,
				B86793F12997C539006BFE29 /* Release */,
			);
			defaultConfigurationIsVisible = 0;
			defaultConfigurationName = Release;
		};
		B86793F22997C539006BFE29 /* Build configuration list for PBXNativeTarget "HeadFlow" */ = {
			isa = XCConfigurationList;
			buildConfigurations = (
				B86793F32997C539006BFE29 /* Debug */,
				B86793F42997C539006BFE29 /* Release */,
			);
			defaultConfigurationIsVisible = 0;
			defaultConfigurationName = Release;
		};
/* End XCConfigurationList section */

/* Begin XCRemoteSwiftPackageReference section */
		B86297DE29A28D5C0059280B /* XCRemoteSwiftPackageReference "iPhoneNumberField" */ = {
			isa = XCRemoteSwiftPackageReference;
			repositoryURL = "https://github.com/MojtabaHs/iPhoneNumberField.git";
			requirement = {
				kind = upToNextMajorVersion;
				minimumVersion = 0.9.0;
			};
		};
/* End XCRemoteSwiftPackageReference section */

/* Begin XCSwiftPackageProductDependency section */
		B86297DF29A28D5C0059280B /* iPhoneNumberField */ = {
			isa = XCSwiftPackageProductDependency;
			package = B86297DE29A28D5C0059280B /* XCRemoteSwiftPackageReference "iPhoneNumberField" */;
			productName = iPhoneNumberField;
		};
/* End XCSwiftPackageProductDependency section */
	};
	rootObject = B86793D62997C538006BFE29 /* Project object */;
}
