// !$*UTF8*$!
{
	archiveVersion = 1;
	classes = {
	};
	objectVersion = 56;
	objects = {

/* Begin PBXBuildFile section */
		B8009DEA29AA139600A4EC3B /* Texts + SMSValidation.swift in Sources */ = {isa = PBXBuildFile; fileRef = B8009DE929AA139600A4EC3B /* Texts + SMSValidation.swift */; };
		B8009DEC29AA4F7700A4EC3B /* MainCoordinator.swift in Sources */ = {isa = PBXBuildFile; fileRef = B8009DEB29AA4F7700A4EC3B /* MainCoordinator.swift */; };
		B8009DEF29AA507500A4EC3B /* HomeView.swift in Sources */ = {isa = PBXBuildFile; fileRef = B8009DEE29AA507500A4EC3B /* HomeView.swift */; };
		B8009DF229AA543B00A4EC3B /* AuthenticationCompleteView.swift in Sources */ = {isa = PBXBuildFile; fileRef = B8009DF129AA543B00A4EC3B /* AuthenticationCompleteView.swift */; };
		B8009DF429AA624400A4EC3B /* Texts + Register.swift in Sources */ = {isa = PBXBuildFile; fileRef = B8009DF329AA624400A4EC3B /* Texts + Register.swift */; };
		B8009DF629AAAF2600A4EC3B /* AnimatedCheckmarkView.swift in Sources */ = {isa = PBXBuildFile; fileRef = B8009DF529AAAF2600A4EC3B /* AnimatedCheckmarkView.swift */; };
		B8009DF929AAB15700A4EC3B /* ActivityIndicator.swift in Sources */ = {isa = PBXBuildFile; fileRef = B8009DF829AAB15700A4EC3B /* ActivityIndicator.swift */; };
		B82BA8AD29B1367C00853304 /* Constants.swift in Sources */ = {isa = PBXBuildFile; fileRef = B82BA8AC29B1367C00853304 /* Constants.swift */; };
		B82BA8B029B138F500853304 /* Alamofire in Frameworks */ = {isa = PBXBuildFile; productRef = B82BA8AF29B138F500853304 /* Alamofire */; };
		B82BA8B229B1390B00853304 /* AuthenticationService.swift in Sources */ = {isa = PBXBuildFile; fileRef = B82BA8B129B1390B00853304 /* AuthenticationService.swift */; };
		B82BA8B529B3B42700853304 /* User.swift in Sources */ = {isa = PBXBuildFile; fileRef = B82BA8B429B3B42700853304 /* User.swift */; };
		B82BA8B929B4DA5900853304 /* ToastDisplayView.swift in Sources */ = {isa = PBXBuildFile; fileRef = B82BA8B829B4DA5900853304 /* ToastDisplayView.swift */; };
		B86297CF29A163BC0059280B /* Buttons.swift in Sources */ = {isa = PBXBuildFile; fileRef = B86297CE29A163BC0059280B /* Buttons.swift */; };
		B86297D129A1640B0059280B /* BorderedButton.swift in Sources */ = {isa = PBXBuildFile; fileRef = B86297D029A1640B0059280B /* BorderedButton.swift */; };
		B86297D329A164130059280B /* FilledButton.swift in Sources */ = {isa = PBXBuildFile; fileRef = B86297D229A164130059280B /* FilledButton.swift */; };
		B86297D529A166890059280B /* ButtonStyles.swift in Sources */ = {isa = PBXBuildFile; fileRef = B86297D429A166890059280B /* ButtonStyles.swift */; };
		B86297D729A25D4F0059280B /* Texts.swift in Sources */ = {isa = PBXBuildFile; fileRef = B86297D629A25D4F0059280B /* Texts.swift */; };
		B86297D929A25D690059280B /* Texts + Onboarding.swift in Sources */ = {isa = PBXBuildFile; fileRef = B86297D829A25D690059280B /* Texts + Onboarding.swift */; };
		B86297DB29A25F490059280B /* CarouselItem.swift in Sources */ = {isa = PBXBuildFile; fileRef = B86297DA29A25F490059280B /* CarouselItem.swift */; };
		B86297DD29A260BE0059280B /* Image + Extensions.swift in Sources */ = {isa = PBXBuildFile; fileRef = B86297DC29A260BE0059280B /* Image + Extensions.swift */; };
		B86793E22997C538006BFE29 /* AppDelegate.swift in Sources */ = {isa = PBXBuildFile; fileRef = B86793E12997C538006BFE29 /* AppDelegate.swift */; };
		B86793E42997C538006BFE29 /* SceneDelegate.swift in Sources */ = {isa = PBXBuildFile; fileRef = B86793E32997C538006BFE29 /* SceneDelegate.swift */; };
		B86793EB2997C539006BFE29 /* Assets.xcassets in Resources */ = {isa = PBXBuildFile; fileRef = B86793EA2997C539006BFE29 /* Assets.xcassets */; };
		B86793EE2997C539006BFE29 /* LaunchScreen.storyboard in Resources */ = {isa = PBXBuildFile; fileRef = B86793EC2997C539006BFE29 /* LaunchScreen.storyboard */; };
		B86793F72997D841006BFE29 /* RootCoordinator.swift in Sources */ = {isa = PBXBuildFile; fileRef = B86793F62997D841006BFE29 /* RootCoordinator.swift */; };
		B86793FA2997D880006BFE29 /* Coordinator.swift in Sources */ = {isa = PBXBuildFile; fileRef = B86793F92997D880006BFE29 /* Coordinator.swift */; };
		B86793FC2997DB7B006BFE29 /* DependencyContainer.swift in Sources */ = {isa = PBXBuildFile; fileRef = B86793FB2997DB7B006BFE29 /* DependencyContainer.swift */; };
		B86793FE2997DD6C006BFE29 /* UserSession.swift in Sources */ = {isa = PBXBuildFile; fileRef = B86793FD2997DD6C006BFE29 /* UserSession.swift */; };
		B86794012997E206006BFE29 /* UserDefaults + property wrapper.swift in Sources */ = {isa = PBXBuildFile; fileRef = B86794002997E206006BFE29 /* UserDefaults + property wrapper.swift */; };
		B867943129982EFD006BFE29 /* Lato-Thin.ttf in Resources */ = {isa = PBXBuildFile; fileRef = B867941F29982EFD006BFE29 /* Lato-Thin.ttf */; };
		B867943229982EFD006BFE29 /* Lato-Medium.ttf in Resources */ = {isa = PBXBuildFile; fileRef = B867942029982EFD006BFE29 /* Lato-Medium.ttf */; };
		B867943329982EFD006BFE29 /* Lato-Semibold.ttf in Resources */ = {isa = PBXBuildFile; fileRef = B867942129982EFD006BFE29 /* Lato-Semibold.ttf */; };
		B867943429982EFD006BFE29 /* Lato-Heavy.ttf in Resources */ = {isa = PBXBuildFile; fileRef = B867942229982EFD006BFE29 /* Lato-Heavy.ttf */; };
		B867943629982EFD006BFE29 /* Lato-Hairline.ttf in Resources */ = {isa = PBXBuildFile; fileRef = B867942429982EFD006BFE29 /* Lato-Hairline.ttf */; };
		B867943829982EFD006BFE29 /* Lato-Regular.ttf in Resources */ = {isa = PBXBuildFile; fileRef = B867942629982EFD006BFE29 /* Lato-Regular.ttf */; };
		B867943D29982EFD006BFE29 /* Lato-Bold.ttf in Resources */ = {isa = PBXBuildFile; fileRef = B867942B29982EFD006BFE29 /* Lato-Bold.ttf */; };
		B867943E29982EFD006BFE29 /* Lato-Light.ttf in Resources */ = {isa = PBXBuildFile; fileRef = B867942C29982EFD006BFE29 /* Lato-Light.ttf */; };
		B8679440299832B4006BFE29 /* Font + Extensions.swift in Sources */ = {isa = PBXBuildFile; fileRef = B867943F299832B4006BFE29 /* Font + Extensions.swift */; };
		B870BF4B29BDED7B00CC2921 /* Alerts.swift in Sources */ = {isa = PBXBuildFile; fileRef = B870BF4A29BDED7B00CC2921 /* Alerts.swift */; };
		B870BF4D29BE14B300CC2921 /* CustomAlert.swift in Sources */ = {isa = PBXBuildFile; fileRef = B870BF4C29BE14B300CC2921 /* CustomAlert.swift */; };
		B870BF5029BE4BAB00CC2921 /* GoogleSignIn in Frameworks */ = {isa = PBXBuildFile; productRef = B870BF4F29BE4BAB00CC2921 /* GoogleSignIn */; };
		B870BF5229BE4BAB00CC2921 /* GoogleSignInSwift in Frameworks */ = {isa = PBXBuildFile; productRef = B870BF5129BE4BAB00CC2921 /* GoogleSignInSwift */; };
		B870BF5429BE4C9D00CC2921 /* Google-credentials.plist in Resources */ = {isa = PBXBuildFile; fileRef = B870BF5329BE4C9D00CC2921 /* Google-credentials.plist */; };
		B890AC1029A3C35600D30572 /* PhoneNumberKit in Frameworks */ = {isa = PBXBuildFile; productRef = B890AC0F29A3C35600D30572 /* PhoneNumberKit */; };
		B890AC1229A3F7CF00D30572 /* Errors.swift in Sources */ = {isa = PBXBuildFile; fileRef = B890AC1129A3F7CF00D30572 /* Errors.swift */; };
		B890AC1429A3F85A00D30572 /* CustomTextField.swift in Sources */ = {isa = PBXBuildFile; fileRef = B890AC1329A3F85A00D30572 /* CustomTextField.swift */; };
		B890AC1729A3FBFB00D30572 /* Introspect in Frameworks */ = {isa = PBXBuildFile; productRef = B890AC1629A3FBFB00D30572 /* Introspect */; };
		B890AC1A29A3FC4100D30572 /* DispatchQueue + Extensions.swift in Sources */ = {isa = PBXBuildFile; fileRef = B890AC1929A3FC4100D30572 /* DispatchQueue + Extensions.swift */; };
		B890AC1C29A4004900D30572 /* SMSValidationView.swift in Sources */ = {isa = PBXBuildFile; fileRef = B890AC1B29A4004900D30572 /* SMSValidationView.swift */; };
		B890AC1F29A4009E00D30572 /* SMSValidationViewModel.swift in Sources */ = {isa = PBXBuildFile; fileRef = B890AC1E29A4009E00D30572 /* SMSValidationViewModel.swift */; };
		B890AC2129A4031200D30572 /* Texts + PhoneNumberInput.swift in Sources */ = {isa = PBXBuildFile; fileRef = B890AC2029A4031200D30572 /* Texts + PhoneNumberInput.swift */; };
		B890AC2329A40E9600D30572 /* Collections + Utils.swift in Sources */ = {isa = PBXBuildFile; fileRef = B890AC2229A40E9600D30572 /* Collections + Utils.swift */; };
		B8A6DFB0299FD215005BA947 /* RegisterView.swift in Sources */ = {isa = PBXBuildFile; fileRef = B8A6DFAF299FD215005BA947 /* RegisterView.swift */; };
		B8A6DFB2299FD24D005BA947 /* RegisterViewModel.swift in Sources */ = {isa = PBXBuildFile; fileRef = B8A6DFB1299FD24D005BA947 /* RegisterViewModel.swift */; };
		B8A6DFB4299FD3B7005BA947 /* UINavigationController + Extensions.swift in Sources */ = {isa = PBXBuildFile; fileRef = B8A6DFB3299FD3B7005BA947 /* UINavigationController + Extensions.swift */; };
		B8A6DFBA29A0120E005BA947 /* OnboardingView.swift in Sources */ = {isa = PBXBuildFile; fileRef = B8A6DFB929A0120E005BA947 /* OnboardingView.swift */; };
		B8A6DFBC29A0127C005BA947 /* OnboardingViewModel.swift in Sources */ = {isa = PBXBuildFile; fileRef = B8A6DFBB29A0127C005BA947 /* OnboardingViewModel.swift */; };
		B8A6DFBF29A0149D005BA947 /* NavigationBar.swift in Sources */ = {isa = PBXBuildFile; fileRef = B8A6DFBE29A0149D005BA947 /* NavigationBar.swift */; };
		B8A6DFC229A0150D005BA947 /* ContainerWithNavigationBar.swift in Sources */ = {isa = PBXBuildFile; fileRef = B8A6DFC129A0150D005BA947 /* ContainerWithNavigationBar.swift */; };
		B8BB787129B52DD8001A4B71 /* HomeViewModel.swift in Sources */ = {isa = PBXBuildFile; fileRef = B8BB787029B52DD8001A4B71 /* HomeViewModel.swift */; };
		B8D3E6E829A0CF1400A588A8 /* Color + Extensions.swift in Sources */ = {isa = PBXBuildFile; fileRef = B8D3E6E729A0CF1400A588A8 /* Color + Extensions.swift */; };
		B8D3E6EA29A118F200A588A8 /* View + Extensions.swift in Sources */ = {isa = PBXBuildFile; fileRef = B8D3E6E929A118F200A588A8 /* View + Extensions.swift */; };
		B8D3E6F229A12ACA00A588A8 /* CarouselView.swift in Sources */ = {isa = PBXBuildFile; fileRef = B8D3E6F129A12ACA00A588A8 /* CarouselView.swift */; };
		B8D3E6F429A1368D00A588A8 /* Shape + Utils.swift in Sources */ = {isa = PBXBuildFile; fileRef = B8D3E6F329A1368D00A588A8 /* Shape + Utils.swift */; };
		B8DA4C7329BD093900C6AD3B /* Texts + Home.swift in Sources */ = {isa = PBXBuildFile; fileRef = B8DA4C7229BD093900C6AD3B /* Texts + Home.swift */; };
		B8DA4C7529BD144300C6AD3B /* NotificationsService.swift in Sources */ = {isa = PBXBuildFile; fileRef = B8DA4C7429BD144300C6AD3B /* NotificationsService.swift */; };
		B8DA4C7729BD198C00C6AD3B /* UIApplication + Extensions.swift in Sources */ = {isa = PBXBuildFile; fileRef = B8DA4C7629BD198C00C6AD3B /* UIApplication + Extensions.swift */; };
		B8DE006C29B90A3C0099F374 /* RealmSwift in Frameworks */ = {isa = PBXBuildFile; productRef = B8DE006B29B90A3C0099F374 /* RealmSwift */; };
		B8DE006E29B90A9C0099F374 /* NotificationsPermissions.swift in Sources */ = {isa = PBXBuildFile; fileRef = B8DE006D29B90A9C0099F374 /* NotificationsPermissions.swift */; };
		B8EA843229990A1D009D83E7 /* AuthenticationCoordinator.swift in Sources */ = {isa = PBXBuildFile; fileRef = B8EA843129990A1D009D83E7 /* AuthenticationCoordinator.swift */; };
		B8EA8435299917D7009D83E7 /* PhoneNumberInputView.swift in Sources */ = {isa = PBXBuildFile; fileRef = B8EA8434299917D7009D83E7 /* PhoneNumberInputView.swift */; };
		B8EA8437299917E2009D83E7 /* PhoneNumberInputViewModel.swift in Sources */ = {isa = PBXBuildFile; fileRef = B8EA8436299917E2009D83E7 /* PhoneNumberInputViewModel.swift */; };
		B8EA843C299937F6009D83E7 /* UIWindow + Extensions.swift in Sources */ = {isa = PBXBuildFile; fileRef = B8EA843B299937F6009D83E7 /* UIWindow + Extensions.swift */; };
/* End PBXBuildFile section */

/* Begin PBXFileReference section */
		B8009DE929AA139600A4EC3B /* Texts + SMSValidation.swift */ = {isa = PBXFileReference; lastKnownFileType = sourcecode.swift; path = "Texts + SMSValidation.swift"; sourceTree = "<group>"; };
		B8009DEB29AA4F7700A4EC3B /* MainCoordinator.swift */ = {isa = PBXFileReference; lastKnownFileType = sourcecode.swift; path = MainCoordinator.swift; sourceTree = "<group>"; };
		B8009DEE29AA507500A4EC3B /* HomeView.swift */ = {isa = PBXFileReference; lastKnownFileType = sourcecode.swift; path = HomeView.swift; sourceTree = "<group>"; };
		B8009DF129AA543B00A4EC3B /* AuthenticationCompleteView.swift */ = {isa = PBXFileReference; lastKnownFileType = sourcecode.swift; path = AuthenticationCompleteView.swift; sourceTree = "<group>"; };
		B8009DF329AA624400A4EC3B /* Texts + Register.swift */ = {isa = PBXFileReference; lastKnownFileType = sourcecode.swift; path = "Texts + Register.swift"; sourceTree = "<group>"; };
		B8009DF529AAAF2600A4EC3B /* AnimatedCheckmarkView.swift */ = {isa = PBXFileReference; lastKnownFileType = sourcecode.swift; path = AnimatedCheckmarkView.swift; sourceTree = "<group>"; };
		B8009DF829AAB15700A4EC3B /* ActivityIndicator.swift */ = {isa = PBXFileReference; lastKnownFileType = sourcecode.swift; path = ActivityIndicator.swift; sourceTree = "<group>"; };
		B82BA8AC29B1367C00853304 /* Constants.swift */ = {isa = PBXFileReference; lastKnownFileType = sourcecode.swift; path = Constants.swift; sourceTree = "<group>"; };
		B82BA8B129B1390B00853304 /* AuthenticationService.swift */ = {isa = PBXFileReference; lastKnownFileType = sourcecode.swift; path = AuthenticationService.swift; sourceTree = "<group>"; };
		B82BA8B429B3B42700853304 /* User.swift */ = {isa = PBXFileReference; lastKnownFileType = sourcecode.swift; path = User.swift; sourceTree = "<group>"; };
		B82BA8B829B4DA5900853304 /* ToastDisplayView.swift */ = {isa = PBXFileReference; lastKnownFileType = sourcecode.swift; path = ToastDisplayView.swift; sourceTree = "<group>"; };
		B86297CE29A163BC0059280B /* Buttons.swift */ = {isa = PBXFileReference; lastKnownFileType = sourcecode.swift; path = Buttons.swift; sourceTree = "<group>"; };
		B86297D029A1640B0059280B /* BorderedButton.swift */ = {isa = PBXFileReference; lastKnownFileType = sourcecode.swift; path = BorderedButton.swift; sourceTree = "<group>"; };
		B86297D229A164130059280B /* FilledButton.swift */ = {isa = PBXFileReference; lastKnownFileType = sourcecode.swift; path = FilledButton.swift; sourceTree = "<group>"; };
		B86297D429A166890059280B /* ButtonStyles.swift */ = {isa = PBXFileReference; lastKnownFileType = sourcecode.swift; path = ButtonStyles.swift; sourceTree = "<group>"; };
		B86297D629A25D4F0059280B /* Texts.swift */ = {isa = PBXFileReference; lastKnownFileType = sourcecode.swift; path = Texts.swift; sourceTree = "<group>"; };
		B86297D829A25D690059280B /* Texts + Onboarding.swift */ = {isa = PBXFileReference; lastKnownFileType = sourcecode.swift; path = "Texts + Onboarding.swift"; sourceTree = "<group>"; };
		B86297DA29A25F490059280B /* CarouselItem.swift */ = {isa = PBXFileReference; lastKnownFileType = sourcecode.swift; path = CarouselItem.swift; sourceTree = "<group>"; };
		B86297DC29A260BE0059280B /* Image + Extensions.swift */ = {isa = PBXFileReference; lastKnownFileType = sourcecode.swift; path = "Image + Extensions.swift"; sourceTree = "<group>"; };
		B86793DE2997C538006BFE29 /* HeadFlow.app */ = {isa = PBXFileReference; explicitFileType = wrapper.application; includeInIndex = 0; path = HeadFlow.app; sourceTree = BUILT_PRODUCTS_DIR; };
		B86793E12997C538006BFE29 /* AppDelegate.swift */ = {isa = PBXFileReference; lastKnownFileType = sourcecode.swift; path = AppDelegate.swift; sourceTree = "<group>"; };
		B86793E32997C538006BFE29 /* SceneDelegate.swift */ = {isa = PBXFileReference; lastKnownFileType = sourcecode.swift; path = SceneDelegate.swift; sourceTree = "<group>"; };
		B86793EA2997C539006BFE29 /* Assets.xcassets */ = {isa = PBXFileReference; lastKnownFileType = folder.assetcatalog; path = Assets.xcassets; sourceTree = "<group>"; };
		B86793ED2997C539006BFE29 /* Base */ = {isa = PBXFileReference; lastKnownFileType = file.storyboard; name = Base; path = Base.lproj/LaunchScreen.storyboard; sourceTree = "<group>"; };
		B86793EF2997C539006BFE29 /* Info.plist */ = {isa = PBXFileReference; lastKnownFileType = text.plist.xml; path = Info.plist; sourceTree = "<group>"; };
		B86793F62997D841006BFE29 /* RootCoordinator.swift */ = {isa = PBXFileReference; lastKnownFileType = sourcecode.swift; path = RootCoordinator.swift; sourceTree = "<group>"; };
		B86793F92997D880006BFE29 /* Coordinator.swift */ = {isa = PBXFileReference; lastKnownFileType = sourcecode.swift; path = Coordinator.swift; sourceTree = "<group>"; };
		B86793FB2997DB7B006BFE29 /* DependencyContainer.swift */ = {isa = PBXFileReference; lastKnownFileType = sourcecode.swift; path = DependencyContainer.swift; sourceTree = "<group>"; };
		B86793FD2997DD6C006BFE29 /* UserSession.swift */ = {isa = PBXFileReference; lastKnownFileType = sourcecode.swift; path = UserSession.swift; sourceTree = "<group>"; };
		B86794002997E206006BFE29 /* UserDefaults + property wrapper.swift */ = {isa = PBXFileReference; lastKnownFileType = sourcecode.swift; path = "UserDefaults + property wrapper.swift"; sourceTree = "<group>"; };
		B867941F29982EFD006BFE29 /* Lato-Thin.ttf */ = {isa = PBXFileReference; lastKnownFileType = file; path = "Lato-Thin.ttf"; sourceTree = "<group>"; };
		B867942029982EFD006BFE29 /* Lato-Medium.ttf */ = {isa = PBXFileReference; lastKnownFileType = file; path = "Lato-Medium.ttf"; sourceTree = "<group>"; };
		B867942129982EFD006BFE29 /* Lato-Semibold.ttf */ = {isa = PBXFileReference; lastKnownFileType = file; path = "Lato-Semibold.ttf"; sourceTree = "<group>"; };
		B867942229982EFD006BFE29 /* Lato-Heavy.ttf */ = {isa = PBXFileReference; lastKnownFileType = file; path = "Lato-Heavy.ttf"; sourceTree = "<group>"; };
		B867942429982EFD006BFE29 /* Lato-Hairline.ttf */ = {isa = PBXFileReference; lastKnownFileType = file; path = "Lato-Hairline.ttf"; sourceTree = "<group>"; };
		B867942629982EFD006BFE29 /* Lato-Regular.ttf */ = {isa = PBXFileReference; lastKnownFileType = file; path = "Lato-Regular.ttf"; sourceTree = "<group>"; };
		B867942B29982EFD006BFE29 /* Lato-Bold.ttf */ = {isa = PBXFileReference; lastKnownFileType = file; path = "Lato-Bold.ttf"; sourceTree = "<group>"; };
		B867942C29982EFD006BFE29 /* Lato-Light.ttf */ = {isa = PBXFileReference; lastKnownFileType = file; path = "Lato-Light.ttf"; sourceTree = "<group>"; };
		B867943F299832B4006BFE29 /* Font + Extensions.swift */ = {isa = PBXFileReference; lastKnownFileType = sourcecode.swift; path = "Font + Extensions.swift"; sourceTree = "<group>"; };
		B870BF4A29BDED7B00CC2921 /* Alerts.swift */ = {isa = PBXFileReference; lastKnownFileType = sourcecode.swift; path = Alerts.swift; sourceTree = "<group>"; };
		B870BF4C29BE14B300CC2921 /* CustomAlert.swift */ = {isa = PBXFileReference; lastKnownFileType = sourcecode.swift; path = CustomAlert.swift; sourceTree = "<group>"; };
		B870BF5329BE4C9D00CC2921 /* Google-credentials.plist */ = {isa = PBXFileReference; fileEncoding = 4; lastKnownFileType = text.plist.xml; path = "Google-credentials.plist"; sourceTree = "<group>"; };
		B890AC1129A3F7CF00D30572 /* Errors.swift */ = {isa = PBXFileReference; lastKnownFileType = sourcecode.swift; path = Errors.swift; sourceTree = "<group>"; };
		B890AC1329A3F85A00D30572 /* CustomTextField.swift */ = {isa = PBXFileReference; lastKnownFileType = sourcecode.swift; path = CustomTextField.swift; sourceTree = "<group>"; };
		B890AC1929A3FC4100D30572 /* DispatchQueue + Extensions.swift */ = {isa = PBXFileReference; lastKnownFileType = sourcecode.swift; path = "DispatchQueue + Extensions.swift"; sourceTree = "<group>"; };
		B890AC1B29A4004900D30572 /* SMSValidationView.swift */ = {isa = PBXFileReference; lastKnownFileType = sourcecode.swift; path = SMSValidationView.swift; sourceTree = "<group>"; };
		B890AC1E29A4009E00D30572 /* SMSValidationViewModel.swift */ = {isa = PBXFileReference; lastKnownFileType = sourcecode.swift; path = SMSValidationViewModel.swift; sourceTree = "<group>"; };
		B890AC2029A4031200D30572 /* Texts + PhoneNumberInput.swift */ = {isa = PBXFileReference; lastKnownFileType = sourcecode.swift; path = "Texts + PhoneNumberInput.swift"; sourceTree = "<group>"; };
		B890AC2229A40E9600D30572 /* Collections + Utils.swift */ = {isa = PBXFileReference; lastKnownFileType = sourcecode.swift; path = "Collections + Utils.swift"; sourceTree = "<group>"; };
		B8A6DFAF299FD215005BA947 /* RegisterView.swift */ = {isa = PBXFileReference; lastKnownFileType = sourcecode.swift; path = RegisterView.swift; sourceTree = "<group>"; };
		B8A6DFB1299FD24D005BA947 /* RegisterViewModel.swift */ = {isa = PBXFileReference; lastKnownFileType = sourcecode.swift; path = RegisterViewModel.swift; sourceTree = "<group>"; };
		B8A6DFB3299FD3B7005BA947 /* UINavigationController + Extensions.swift */ = {isa = PBXFileReference; lastKnownFileType = sourcecode.swift; path = "UINavigationController + Extensions.swift"; sourceTree = "<group>"; };
		B8A6DFB929A0120E005BA947 /* OnboardingView.swift */ = {isa = PBXFileReference; lastKnownFileType = sourcecode.swift; path = OnboardingView.swift; sourceTree = "<group>"; };
		B8A6DFBB29A0127C005BA947 /* OnboardingViewModel.swift */ = {isa = PBXFileReference; lastKnownFileType = sourcecode.swift; path = OnboardingViewModel.swift; sourceTree = "<group>"; };
		B8A6DFBE29A0149D005BA947 /* NavigationBar.swift */ = {isa = PBXFileReference; lastKnownFileType = sourcecode.swift; path = NavigationBar.swift; sourceTree = "<group>"; };
		B8A6DFC129A0150D005BA947 /* ContainerWithNavigationBar.swift */ = {isa = PBXFileReference; lastKnownFileType = sourcecode.swift; path = ContainerWithNavigationBar.swift; sourceTree = "<group>"; };
		B8BB787029B52DD8001A4B71 /* HomeViewModel.swift */ = {isa = PBXFileReference; lastKnownFileType = sourcecode.swift; path = HomeViewModel.swift; sourceTree = "<group>"; };
		B8D3E6E729A0CF1400A588A8 /* Color + Extensions.swift */ = {isa = PBXFileReference; lastKnownFileType = sourcecode.swift; path = "Color + Extensions.swift"; sourceTree = "<group>"; };
		B8D3E6E929A118F200A588A8 /* View + Extensions.swift */ = {isa = PBXFileReference; lastKnownFileType = sourcecode.swift; path = "View + Extensions.swift"; sourceTree = "<group>"; };
		B8D3E6F129A12ACA00A588A8 /* CarouselView.swift */ = {isa = PBXFileReference; lastKnownFileType = sourcecode.swift; path = CarouselView.swift; sourceTree = "<group>"; };
		B8D3E6F329A1368D00A588A8 /* Shape + Utils.swift */ = {isa = PBXFileReference; lastKnownFileType = sourcecode.swift; path = "Shape + Utils.swift"; sourceTree = "<group>"; };
		B8DA4C7229BD093900C6AD3B /* Texts + Home.swift */ = {isa = PBXFileReference; lastKnownFileType = sourcecode.swift; path = "Texts + Home.swift"; sourceTree = "<group>"; };
		B8DA4C7429BD144300C6AD3B /* NotificationsService.swift */ = {isa = PBXFileReference; lastKnownFileType = sourcecode.swift; path = NotificationsService.swift; sourceTree = "<group>"; };
		B8DA4C7629BD198C00C6AD3B /* UIApplication + Extensions.swift */ = {isa = PBXFileReference; lastKnownFileType = sourcecode.swift; path = "UIApplication + Extensions.swift"; sourceTree = "<group>"; };
		B8DE006D29B90A9C0099F374 /* NotificationsPermissions.swift */ = {isa = PBXFileReference; lastKnownFileType = sourcecode.swift; path = NotificationsPermissions.swift; sourceTree = "<group>"; };
		B8EA843129990A1D009D83E7 /* AuthenticationCoordinator.swift */ = {isa = PBXFileReference; lastKnownFileType = sourcecode.swift; path = AuthenticationCoordinator.swift; sourceTree = "<group>"; };
		B8EA8434299917D7009D83E7 /* PhoneNumberInputView.swift */ = {isa = PBXFileReference; lastKnownFileType = sourcecode.swift; path = PhoneNumberInputView.swift; sourceTree = "<group>"; };
		B8EA8436299917E2009D83E7 /* PhoneNumberInputViewModel.swift */ = {isa = PBXFileReference; lastKnownFileType = sourcecode.swift; path = PhoneNumberInputViewModel.swift; sourceTree = "<group>"; };
		B8EA843B299937F6009D83E7 /* UIWindow + Extensions.swift */ = {isa = PBXFileReference; lastKnownFileType = sourcecode.swift; path = "UIWindow + Extensions.swift"; sourceTree = "<group>"; };
/* End PBXFileReference section */

/* Begin PBXFrameworksBuildPhase section */
		B86793DB2997C538006BFE29 /* Frameworks */ = {
			isa = PBXFrameworksBuildPhase;
			buildActionMask = 2147483647;
			files = (
				B870BF5029BE4BAB00CC2921 /* GoogleSignIn in Frameworks */,
				B8DE006C29B90A3C0099F374 /* RealmSwift in Frameworks */,
				B82BA8B029B138F500853304 /* Alamofire in Frameworks */,
				B870BF5229BE4BAB00CC2921 /* GoogleSignInSwift in Frameworks */,
				B890AC1029A3C35600D30572 /* PhoneNumberKit in Frameworks */,
				B890AC1729A3FBFB00D30572 /* Introspect in Frameworks */,
			);
			runOnlyForDeploymentPostprocessing = 0;
		};
/* End PBXFrameworksBuildPhase section */

/* Begin PBXGroup section */
		B8009DED29AA504400A4EC3B /* Home */ = {
			isa = PBXGroup;
			children = (
				B8009DEE29AA507500A4EC3B /* HomeView.swift */,
				B8BB787029B52DD8001A4B71 /* HomeViewModel.swift */,
				B8DA4C7229BD093900C6AD3B /* Texts + Home.swift */,
			);
			path = Home;
			sourceTree = "<group>";
		};
		B8009DF029AA540100A4EC3B /* AuthenticationComplete */ = {
			isa = PBXGroup;
			children = (
				B8009DF129AA543B00A4EC3B /* AuthenticationCompleteView.swift */,
			);
			path = AuthenticationComplete;
			sourceTree = "<group>";
		};
		B8009DF729AAB13600A4EC3B /* CustomComponents */ = {
			isa = PBXGroup;
			children = (
				B8009DF529AAAF2600A4EC3B /* AnimatedCheckmarkView.swift */,
				B890AC1329A3F85A00D30572 /* CustomTextField.swift */,
				B8009DF829AAB15700A4EC3B /* ActivityIndicator.swift */,
				B82BA8B829B4DA5900853304 /* ToastDisplayView.swift */,
				B870BF4C29BE14B300CC2921 /* CustomAlert.swift */,
			);
			path = CustomComponents;
			sourceTree = "<group>";
		};
		B82BA8A629B1332E00853304 /* Network services */ = {
			isa = PBXGroup;
			children = (
				B82BA8B129B1390B00853304 /* AuthenticationService.swift */,
			);
			path = "Network services";
			sourceTree = "<group>";
		};
		B82BA8B329B3B41400853304 /* Model */ = {
			isa = PBXGroup;
			children = (
				B82BA8B429B3B42700853304 /* User.swift */,
				B8DE006D29B90A9C0099F374 /* NotificationsPermissions.swift */,
			);
			path = Model;
			sourceTree = "<group>";
		};
		B86297CD29A162CC0059280B /* Buttons */ = {
			isa = PBXGroup;
			children = (
				B86297CE29A163BC0059280B /* Buttons.swift */,
				B86297D029A1640B0059280B /* BorderedButton.swift */,
				B86297D229A164130059280B /* FilledButton.swift */,
				B86297D429A166890059280B /* ButtonStyles.swift */,
			);
			path = Buttons;
			sourceTree = "<group>";
		};
		B86793D52997C538006BFE29 = {
			isa = PBXGroup;
			children = (
				B86793E02997C538006BFE29 /* HeadFlow */,
				B86793DF2997C538006BFE29 /* Products */,
			);
			sourceTree = "<group>";
		};
		B86793DF2997C538006BFE29 /* Products */ = {
			isa = PBXGroup;
			children = (
				B86793DE2997C538006BFE29 /* HeadFlow.app */,
			);
			name = Products;
			sourceTree = "<group>";
		};
		B86793E02997C538006BFE29 /* HeadFlow */ = {
			isa = PBXGroup;
			children = (
				B86793E12997C538006BFE29 /* AppDelegate.swift */,
				B86793E32997C538006BFE29 /* SceneDelegate.swift */,
				B86793F52997D82B006BFE29 /* Flows */,
				B82BA8B329B3B41400853304 /* Model */,
				B86793F82997D86C006BFE29 /* Services */,
				B8A6DFBD29A01483005BA947 /* Reusables */,
				B86793FF2997E1E9006BFE29 /* Utils */,
				B86793EA2997C539006BFE29 /* Assets.xcassets */,
				B86793EC2997C539006BFE29 /* LaunchScreen.storyboard */,
				B86793EF2997C539006BFE29 /* Info.plist */,
				B870BF5329BE4C9D00CC2921 /* Google-credentials.plist */,
			);
			path = HeadFlow;
			sourceTree = "<group>";
		};
		B86793F52997D82B006BFE29 /* Flows */ = {
			isa = PBXGroup;
			children = (
				B86793F62997D841006BFE29 /* RootCoordinator.swift */,
				B8EA842F299909DB009D83E7 /* Authentication */,
				B8EA8430299909E4009D83E7 /* Main */,
			);
			path = Flows;
			sourceTree = "<group>";
		};
		B86793F82997D86C006BFE29 /* Services */ = {
			isa = PBXGroup;
			children = (
				B82BA8A629B1332E00853304 /* Network services */,
				B86793F92997D880006BFE29 /* Coordinator.swift */,
				B86793FB2997DB7B006BFE29 /* DependencyContainer.swift */,
				B86793FD2997DD6C006BFE29 /* UserSession.swift */,
				B8DA4C7429BD144300C6AD3B /* NotificationsService.swift */,
			);
			path = Services;
			sourceTree = "<group>";
		};
		B86793FF2997E1E9006BFE29 /* Utils */ = {
			isa = PBXGroup;
			children = (
				B890AC1829A3FC2600D30572 /* Foundation + utils */,
				B8D3E6E629A0CEF000A588A8 /* SwiftUI + Utils */,
				B8EA843A299937B1009D83E7 /* UIKit + Utils */,
				B867940229982DF5006BFE29 /* Fonts */,
				B86794002997E206006BFE29 /* UserDefaults + property wrapper.swift */,
				B86297D629A25D4F0059280B /* Texts.swift */,
				B890AC1129A3F7CF00D30572 /* Errors.swift */,
				B82BA8AC29B1367C00853304 /* Constants.swift */,
				B870BF4A29BDED7B00CC2921 /* Alerts.swift */,
			);
			path = Utils;
			sourceTree = "<group>";
		};
		B867940229982DF5006BFE29 /* Fonts */ = {
			isa = PBXGroup;
			children = (
				B867942229982EFD006BFE29 /* Lato-Heavy.ttf */,
				B867942B29982EFD006BFE29 /* Lato-Bold.ttf */,
				B867942129982EFD006BFE29 /* Lato-Semibold.ttf */,
				B867942629982EFD006BFE29 /* Lato-Regular.ttf */,
				B867942029982EFD006BFE29 /* Lato-Medium.ttf */,
				B867942C29982EFD006BFE29 /* Lato-Light.ttf */,
				B867941F29982EFD006BFE29 /* Lato-Thin.ttf */,
				B867942429982EFD006BFE29 /* Lato-Hairline.ttf */,
				B867943F299832B4006BFE29 /* Font + Extensions.swift */,
			);
			path = Fonts;
			sourceTree = "<group>";
		};
		B890AC1829A3FC2600D30572 /* Foundation + utils */ = {
			isa = PBXGroup;
			children = (
				B890AC1929A3FC4100D30572 /* DispatchQueue + Extensions.swift */,
				B890AC2229A40E9600D30572 /* Collections + Utils.swift */,
			);
			path = "Foundation + utils";
			sourceTree = "<group>";
		};
		B890AC1D29A4007000D30572 /* SMSValidation */ = {
			isa = PBXGroup;
			children = (
				B890AC1B29A4004900D30572 /* SMSValidationView.swift */,
				B890AC1E29A4009E00D30572 /* SMSValidationViewModel.swift */,
				B8009DE929AA139600A4EC3B /* Texts + SMSValidation.swift */,
			);
			path = SMSValidation;
			sourceTree = "<group>";
		};
		B8A6DFAE299FD200005BA947 /* Register */ = {
			isa = PBXGroup;
			children = (
				B8A6DFAF299FD215005BA947 /* RegisterView.swift */,
				B8A6DFB1299FD24D005BA947 /* RegisterViewModel.swift */,
				B8009DF329AA624400A4EC3B /* Texts + Register.swift */,
			);
			path = Register;
			sourceTree = "<group>";
		};
		B8A6DFB829A011FD005BA947 /* Onboarding */ = {
			isa = PBXGroup;
			children = (
				B8A6DFB929A0120E005BA947 /* OnboardingView.swift */,
				B8A6DFBB29A0127C005BA947 /* OnboardingViewModel.swift */,
				B8D3E6F129A12ACA00A588A8 /* CarouselView.swift */,
				B86297DA29A25F490059280B /* CarouselItem.swift */,
				B86297D829A25D690059280B /* Texts + Onboarding.swift */,
			);
			path = Onboarding;
			sourceTree = "<group>";
		};
		B8A6DFBD29A01483005BA947 /* Reusables */ = {
			isa = PBXGroup;
			children = (
				B8009DF729AAB13600A4EC3B /* CustomComponents */,
				B86297CD29A162CC0059280B /* Buttons */,
				B8A6DFC029A014EF005BA947 /* NavigationBar */,
			);
			path = Reusables;
			sourceTree = "<group>";
		};
		B8A6DFC029A014EF005BA947 /* NavigationBar */ = {
			isa = PBXGroup;
			children = (
				B8A6DFBE29A0149D005BA947 /* NavigationBar.swift */,
				B8A6DFC129A0150D005BA947 /* ContainerWithNavigationBar.swift */,
			);
			path = NavigationBar;
			sourceTree = "<group>";
		};
		B8D3E6E629A0CEF000A588A8 /* SwiftUI + Utils */ = {
			isa = PBXGroup;
			children = (
				B8D3E6E729A0CF1400A588A8 /* Color + Extensions.swift */,
				B8D3E6E929A118F200A588A8 /* View + Extensions.swift */,
				B8D3E6F329A1368D00A588A8 /* Shape + Utils.swift */,
				B86297DC29A260BE0059280B /* Image + Extensions.swift */,
			);
			path = "SwiftUI + Utils";
			sourceTree = "<group>";
		};
		B8EA842F299909DB009D83E7 /* Authentication */ = {
			isa = PBXGroup;
			children = (
				B8EA843129990A1D009D83E7 /* AuthenticationCoordinator.swift */,
				B8A6DFB829A011FD005BA947 /* Onboarding */,
				B8EA8433299917C8009D83E7 /* PhoneNumberInput */,
				B8A6DFAE299FD200005BA947 /* Register */,
				B890AC1D29A4007000D30572 /* SMSValidation */,
				B8009DF029AA540100A4EC3B /* AuthenticationComplete */,
			);
			path = Authentication;
			sourceTree = "<group>";
		};
		B8EA8430299909E4009D83E7 /* Main */ = {
			isa = PBXGroup;
			children = (
				B8009DEB29AA4F7700A4EC3B /* MainCoordinator.swift */,
				B8009DED29AA504400A4EC3B /* Home */,
			);
			path = Main;
			sourceTree = "<group>";
		};
		B8EA8433299917C8009D83E7 /* PhoneNumberInput */ = {
			isa = PBXGroup;
			children = (
				B8EA8434299917D7009D83E7 /* PhoneNumberInputView.swift */,
				B8EA8436299917E2009D83E7 /* PhoneNumberInputViewModel.swift */,
				B890AC2029A4031200D30572 /* Texts + PhoneNumberInput.swift */,
			);
			path = PhoneNumberInput;
			sourceTree = "<group>";
		};
		B8EA843A299937B1009D83E7 /* UIKit + Utils */ = {
			isa = PBXGroup;
			children = (
				B8EA843B299937F6009D83E7 /* UIWindow + Extensions.swift */,
				B8A6DFB3299FD3B7005BA947 /* UINavigationController + Extensions.swift */,
				B8DA4C7629BD198C00C6AD3B /* UIApplication + Extensions.swift */,
			);
			path = "UIKit + Utils";
			sourceTree = "<group>";
		};
/* End PBXGroup section */

/* Begin PBXNativeTarget section */
		B86793DD2997C538006BFE29 /* HeadFlow */ = {
			isa = PBXNativeTarget;
			buildConfigurationList = B86793F22997C539006BFE29 /* Build configuration list for PBXNativeTarget "HeadFlow" */;
			buildPhases = (
				B86793DA2997C538006BFE29 /* Sources */,
				B86793DB2997C538006BFE29 /* Frameworks */,
				B86793DC2997C538006BFE29 /* Resources */,
			);
			buildRules = (
			);
			dependencies = (
			);
			name = HeadFlow;
			packageProductDependencies = (
				B890AC0F29A3C35600D30572 /* PhoneNumberKit */,
				B890AC1629A3FBFB00D30572 /* Introspect */,
				B82BA8AF29B138F500853304 /* Alamofire */,
				B8DE006B29B90A3C0099F374 /* RealmSwift */,
				B870BF4F29BE4BAB00CC2921 /* GoogleSignIn */,
				B870BF5129BE4BAB00CC2921 /* GoogleSignInSwift */,
			);
			productName = HeadFlow;
			productReference = B86793DE2997C538006BFE29 /* HeadFlow.app */;
			productType = "com.apple.product-type.application";
		};
/* End PBXNativeTarget section */

/* Begin PBXProject section */
		B86793D62997C538006BFE29 /* Project object */ = {
			isa = PBXProject;
			attributes = {
				BuildIndependentTargetsInParallel = 1;
				LastSwiftUpdateCheck = 1400;
				LastUpgradeCheck = 1400;
				TargetAttributes = {
					B86793DD2997C538006BFE29 = {
						CreatedOnToolsVersion = 14.0.1;
					};
				};
			};
			buildConfigurationList = B86793D92997C538006BFE29 /* Build configuration list for PBXProject "HeadFlow" */;
			compatibilityVersion = "Xcode 14.0";
			developmentRegion = en;
			hasScannedForEncodings = 0;
			knownRegions = (
				en,
				Base,
			);
			mainGroup = B86793D52997C538006BFE29;
			packageReferences = (
				B890AC0E29A3C35600D30572 /* XCRemoteSwiftPackageReference "PhoneNumberKit" */,
				B890AC1529A3FBFB00D30572 /* XCRemoteSwiftPackageReference "SwiftUI-Introspect" */,
				B82BA8AE29B138F500853304 /* XCRemoteSwiftPackageReference "Alamofire" */,
				B8DE006A29B90A3C0099F374 /* XCRemoteSwiftPackageReference "realm-swift" */,
				B870BF4E29BE4BAB00CC2921 /* XCRemoteSwiftPackageReference "GoogleSignIn-iOS" */,
			);
			productRefGroup = B86793DF2997C538006BFE29 /* Products */;
			projectDirPath = "";
			projectRoot = "";
			targets = (
				B86793DD2997C538006BFE29 /* HeadFlow */,
			);
		};
/* End PBXProject section */

/* Begin PBXResourcesBuildPhase section */
		B86793DC2997C538006BFE29 /* Resources */ = {
			isa = PBXResourcesBuildPhase;
			buildActionMask = 2147483647;
			files = (
				B867943629982EFD006BFE29 /* Lato-Hairline.ttf in Resources */,
				B867943129982EFD006BFE29 /* Lato-Thin.ttf in Resources */,
				B86793EE2997C539006BFE29 /* LaunchScreen.storyboard in Resources */,
				B867943E29982EFD006BFE29 /* Lato-Light.ttf in Resources */,
				B86793EB2997C539006BFE29 /* Assets.xcassets in Resources */,
				B867943229982EFD006BFE29 /* Lato-Medium.ttf in Resources */,
				B867943829982EFD006BFE29 /* Lato-Regular.ttf in Resources */,
				B867943329982EFD006BFE29 /* Lato-Semibold.ttf in Resources */,
				B870BF5429BE4C9D00CC2921 /* Google-credentials.plist in Resources */,
				B867943D29982EFD006BFE29 /* Lato-Bold.ttf in Resources */,
				B867943429982EFD006BFE29 /* Lato-Heavy.ttf in Resources */,
			);
			runOnlyForDeploymentPostprocessing = 0;
		};
/* End PBXResourcesBuildPhase section */

/* Begin PBXSourcesBuildPhase section */
		B86793DA2997C538006BFE29 /* Sources */ = {
			isa = PBXSourcesBuildPhase;
			buildActionMask = 2147483647;
			files = (
				B8A6DFB4299FD3B7005BA947 /* UINavigationController + Extensions.swift in Sources */,
				B8A6DFB2299FD24D005BA947 /* RegisterViewModel.swift in Sources */,
				B86794012997E206006BFE29 /* UserDefaults + property wrapper.swift in Sources */,
				B8BB787129B52DD8001A4B71 /* HomeViewModel.swift in Sources */,
				B890AC1C29A4004900D30572 /* SMSValidationView.swift in Sources */,
				B890AC2129A4031200D30572 /* Texts + PhoneNumberInput.swift in Sources */,
				B86793F72997D841006BFE29 /* RootCoordinator.swift in Sources */,
				B890AC1229A3F7CF00D30572 /* Errors.swift in Sources */,
				B8A6DFB0299FD215005BA947 /* RegisterView.swift in Sources */,
				B86297D929A25D690059280B /* Texts + Onboarding.swift in Sources */,
				B8DA4C7529BD144300C6AD3B /* NotificationsService.swift in Sources */,
				B82BA8B929B4DA5900853304 /* ToastDisplayView.swift in Sources */,
				B86297D329A164130059280B /* FilledButton.swift in Sources */,
				B82BA8B229B1390B00853304 /* AuthenticationService.swift in Sources */,
				B8DA4C7329BD093900C6AD3B /* Texts + Home.swift in Sources */,
				B890AC1429A3F85A00D30572 /* CustomTextField.swift in Sources */,
				B8D3E6E829A0CF1400A588A8 /* Color + Extensions.swift in Sources */,
				B8009DEF29AA507500A4EC3B /* HomeView.swift in Sources */,
				B8DA4C7729BD198C00C6AD3B /* UIApplication + Extensions.swift in Sources */,
				B890AC1A29A3FC4100D30572 /* DispatchQueue + Extensions.swift in Sources */,
				B890AC2329A40E9600D30572 /* Collections + Utils.swift in Sources */,
				B86297DB29A25F490059280B /* CarouselItem.swift in Sources */,
				B8009DF929AAB15700A4EC3B /* ActivityIndicator.swift in Sources */,
				B8009DEA29AA139600A4EC3B /* Texts + SMSValidation.swift in Sources */,
				B8A6DFBF29A0149D005BA947 /* NavigationBar.swift in Sources */,
				B82BA8B529B3B42700853304 /* User.swift in Sources */,
				B86297DD29A260BE0059280B /* Image + Extensions.swift in Sources */,
				B8EA8437299917E2009D83E7 /* PhoneNumberInputViewModel.swift in Sources */,
				B86793FC2997DB7B006BFE29 /* DependencyContainer.swift in Sources */,
				B82BA8AD29B1367C00853304 /* Constants.swift in Sources */,
				B8DE006E29B90A9C0099F374 /* NotificationsPermissions.swift in Sources */,
				B870BF4B29BDED7B00CC2921 /* Alerts.swift in Sources */,
				B890AC1F29A4009E00D30572 /* SMSValidationViewModel.swift in Sources */,
				B8679440299832B4006BFE29 /* Font + Extensions.swift in Sources */,
				B86297D129A1640B0059280B /* BorderedButton.swift in Sources */,
				B86793FE2997DD6C006BFE29 /* UserSession.swift in Sources */,
				B8A6DFBC29A0127C005BA947 /* OnboardingViewModel.swift in Sources */,
				B8EA843C299937F6009D83E7 /* UIWindow + Extensions.swift in Sources */,
				B86793FA2997D880006BFE29 /* Coordinator.swift in Sources */,
				B8A6DFC229A0150D005BA947 /* ContainerWithNavigationBar.swift in Sources */,
				B86297CF29A163BC0059280B /* Buttons.swift in Sources */,
				B8EA843229990A1D009D83E7 /* AuthenticationCoordinator.swift in Sources */,
				B8009DF429AA624400A4EC3B /* Texts + Register.swift in Sources */,
				B86793E22997C538006BFE29 /* AppDelegate.swift in Sources */,
				B8009DF229AA543B00A4EC3B /* AuthenticationCompleteView.swift in Sources */,
				B8EA8435299917D7009D83E7 /* PhoneNumberInputView.swift in Sources */,
				B8D3E6EA29A118F200A588A8 /* View + Extensions.swift in Sources */,
				B8009DEC29AA4F7700A4EC3B /* MainCoordinator.swift in Sources */,
				B8009DF629AAAF2600A4EC3B /* AnimatedCheckmarkView.swift in Sources */,
				B86297D729A25D4F0059280B /* Texts.swift in Sources */,
				B86297D529A166890059280B /* ButtonStyles.swift in Sources */,
				B8D3E6F429A1368D00A588A8 /* Shape + Utils.swift in Sources */,
				B8D3E6F229A12ACA00A588A8 /* CarouselView.swift in Sources */,
				B8A6DFBA29A0120E005BA947 /* OnboardingView.swift in Sources */,
				B86793E42997C538006BFE29 /* SceneDelegate.swift in Sources */,
				B870BF4D29BE14B300CC2921 /* CustomAlert.swift in Sources */,
			);
			runOnlyForDeploymentPostprocessing = 0;
		};
/* End PBXSourcesBuildPhase section */

/* Begin PBXVariantGroup section */
		B86793EC2997C539006BFE29 /* LaunchScreen.storyboard */ = {
			isa = PBXVariantGroup;
			children = (
				B86793ED2997C539006BFE29 /* Base */,
			);
			name = LaunchScreen.storyboard;
			sourceTree = "<group>";
		};
/* End PBXVariantGroup section */

/* Begin XCBuildConfiguration section */
		B86793F02997C539006BFE29 /* Debug */ = {
			isa = XCBuildConfiguration;
			buildSettings = {
				ALWAYS_SEARCH_USER_PATHS = NO;
				CLANG_ANALYZER_NONNULL = YES;
				CLANG_ANALYZER_NUMBER_OBJECT_CONVERSION = YES_AGGRESSIVE;
				CLANG_CXX_LANGUAGE_STANDARD = "gnu++20";
				CLANG_ENABLE_MODULES = YES;
				CLANG_ENABLE_OBJC_ARC = YES;
				CLANG_ENABLE_OBJC_WEAK = YES;
				CLANG_WARN_BLOCK_CAPTURE_AUTORELEASING = YES;
				CLANG_WARN_BOOL_CONVERSION = YES;
				CLANG_WARN_COMMA = YES;
				CLANG_WARN_CONSTANT_CONVERSION = YES;
				CLANG_WARN_DEPRECATED_OBJC_IMPLEMENTATIONS = YES;
				CLANG_WARN_DIRECT_OBJC_ISA_USAGE = YES_ERROR;
				CLANG_WARN_DOCUMENTATION_COMMENTS = YES;
				CLANG_WARN_EMPTY_BODY = YES;
				CLANG_WARN_ENUM_CONVERSION = YES;
				CLANG_WARN_INFINITE_RECURSION = YES;
				CLANG_WARN_INT_CONVERSION = YES;
				CLANG_WARN_NON_LITERAL_NULL_CONVERSION = YES;
				CLANG_WARN_OBJC_IMPLICIT_RETAIN_SELF = YES;
				CLANG_WARN_OBJC_LITERAL_CONVERSION = YES;
				CLANG_WARN_OBJC_ROOT_CLASS = YES_ERROR;
				CLANG_WARN_QUOTED_INCLUDE_IN_FRAMEWORK_HEADER = YES;
				CLANG_WARN_RANGE_LOOP_ANALYSIS = YES;
				CLANG_WARN_STRICT_PROTOTYPES = YES;
				CLANG_WARN_SUSPICIOUS_MOVE = YES;
				CLANG_WARN_UNGUARDED_AVAILABILITY = YES_AGGRESSIVE;
				CLANG_WARN_UNREACHABLE_CODE = YES;
				CLANG_WARN__DUPLICATE_METHOD_MATCH = YES;
				COPY_PHASE_STRIP = NO;
				DEBUG_INFORMATION_FORMAT = dwarf;
				ENABLE_STRICT_OBJC_MSGSEND = YES;
				ENABLE_TESTABILITY = YES;
				GCC_C_LANGUAGE_STANDARD = gnu11;
				GCC_DYNAMIC_NO_PIC = NO;
				GCC_NO_COMMON_BLOCKS = YES;
				GCC_OPTIMIZATION_LEVEL = 0;
				GCC_PREPROCESSOR_DEFINITIONS = (
					"DEBUG=1",
					"$(inherited)",
				);
				GCC_WARN_64_TO_32_BIT_CONVERSION = YES;
				GCC_WARN_ABOUT_RETURN_TYPE = YES_ERROR;
				GCC_WARN_UNDECLARED_SELECTOR = YES;
				GCC_WARN_UNINITIALIZED_AUTOS = YES_AGGRESSIVE;
				GCC_WARN_UNUSED_FUNCTION = YES;
				GCC_WARN_UNUSED_VARIABLE = YES;
				IPHONEOS_DEPLOYMENT_TARGET = 15.0;
				MTL_ENABLE_DEBUG_INFO = INCLUDE_SOURCE;
				MTL_FAST_MATH = YES;
				ONLY_ACTIVE_ARCH = YES;
				SDKROOT = iphoneos;
				SWIFT_ACTIVE_COMPILATION_CONDITIONS = DEBUG;
				SWIFT_OPTIMIZATION_LEVEL = "-Onone";
			};
			name = Debug;
		};
		B86793F12997C539006BFE29 /* Release */ = {
			isa = XCBuildConfiguration;
			buildSettings = {
				ALWAYS_SEARCH_USER_PATHS = NO;
				CLANG_ANALYZER_NONNULL = YES;
				CLANG_ANALYZER_NUMBER_OBJECT_CONVERSION = YES_AGGRESSIVE;
				CLANG_CXX_LANGUAGE_STANDARD = "gnu++20";
				CLANG_ENABLE_MODULES = YES;
				CLANG_ENABLE_OBJC_ARC = YES;
				CLANG_ENABLE_OBJC_WEAK = YES;
				CLANG_WARN_BLOCK_CAPTURE_AUTORELEASING = YES;
				CLANG_WARN_BOOL_CONVERSION = YES;
				CLANG_WARN_COMMA = YES;
				CLANG_WARN_CONSTANT_CONVERSION = YES;
				CLANG_WARN_DEPRECATED_OBJC_IMPLEMENTATIONS = YES;
				CLANG_WARN_DIRECT_OBJC_ISA_USAGE = YES_ERROR;
				CLANG_WARN_DOCUMENTATION_COMMENTS = YES;
				CLANG_WARN_EMPTY_BODY = YES;
				CLANG_WARN_ENUM_CONVERSION = YES;
				CLANG_WARN_INFINITE_RECURSION = YES;
				CLANG_WARN_INT_CONVERSION = YES;
				CLANG_WARN_NON_LITERAL_NULL_CONVERSION = YES;
				CLANG_WARN_OBJC_IMPLICIT_RETAIN_SELF = YES;
				CLANG_WARN_OBJC_LITERAL_CONVERSION = YES;
				CLANG_WARN_OBJC_ROOT_CLASS = YES_ERROR;
				CLANG_WARN_QUOTED_INCLUDE_IN_FRAMEWORK_HEADER = YES;
				CLANG_WARN_RANGE_LOOP_ANALYSIS = YES;
				CLANG_WARN_STRICT_PROTOTYPES = YES;
				CLANG_WARN_SUSPICIOUS_MOVE = YES;
				CLANG_WARN_UNGUARDED_AVAILABILITY = YES_AGGRESSIVE;
				CLANG_WARN_UNREACHABLE_CODE = YES;
				CLANG_WARN__DUPLICATE_METHOD_MATCH = YES;
				COPY_PHASE_STRIP = NO;
				DEBUG_INFORMATION_FORMAT = "dwarf-with-dsym";
				ENABLE_NS_ASSERTIONS = NO;
				ENABLE_STRICT_OBJC_MSGSEND = YES;
				GCC_C_LANGUAGE_STANDARD = gnu11;
				GCC_NO_COMMON_BLOCKS = YES;
				GCC_WARN_64_TO_32_BIT_CONVERSION = YES;
				GCC_WARN_ABOUT_RETURN_TYPE = YES_ERROR;
				GCC_WARN_UNDECLARED_SELECTOR = YES;
				GCC_WARN_UNINITIALIZED_AUTOS = YES_AGGRESSIVE;
				GCC_WARN_UNUSED_FUNCTION = YES;
				GCC_WARN_UNUSED_VARIABLE = YES;
				IPHONEOS_DEPLOYMENT_TARGET = 15.0;
				MTL_ENABLE_DEBUG_INFO = NO;
				MTL_FAST_MATH = YES;
				SDKROOT = iphoneos;
				SWIFT_COMPILATION_MODE = wholemodule;
				SWIFT_OPTIMIZATION_LEVEL = "-O";
				VALIDATE_PRODUCT = YES;
			};
			name = Release;
		};
		B86793F32997C539006BFE29 /* Debug */ = {
			isa = XCBuildConfiguration;
			buildSettings = {
				ASSETCATALOG_COMPILER_APPICON_NAME = AppIcon;
				ASSETCATALOG_COMPILER_GLOBAL_ACCENT_COLOR_NAME = AccentColor;
				CODE_SIGN_STYLE = Automatic;
				CURRENT_PROJECT_VERSION = 1;
				DEVELOPMENT_TEAM = 2CM47V2KMG;
				GENERATE_INFOPLIST_FILE = YES;
				INFOPLIST_FILE = HeadFlow/Info.plist;
				INFOPLIST_KEY_UIApplicationSupportsIndirectInputEvents = YES;
				INFOPLIST_KEY_UILaunchStoryboardName = LaunchScreen.storyboard;
				INFOPLIST_KEY_UIStatusBarStyle = "";
				INFOPLIST_KEY_UISupportedInterfaceOrientations_iPad = "UIInterfaceOrientationPortrait UIInterfaceOrientationPortraitUpsideDown UIInterfaceOrientationLandscapeLeft UIInterfaceOrientationLandscapeRight";
				INFOPLIST_KEY_UISupportedInterfaceOrientations_iPhone = "UIInterfaceOrientationPortrait UIInterfaceOrientationLandscapeLeft UIInterfaceOrientationLandscapeRight";
				IPHONEOS_DEPLOYMENT_TARGET = 15.0;
				LD_RUNPATH_SEARCH_PATHS = (
					"$(inherited)",
					"@executable_path/Frameworks",
				);
				MARKETING_VERSION = 1.0;
				PRODUCT_BUNDLE_IDENTIFIER = me.Daria.Andrioaie.HeadFlow;
				PRODUCT_NAME = "$(TARGET_NAME)";
				SWIFT_EMIT_LOC_STRINGS = YES;
				SWIFT_VERSION = 5.0;
				TARGETED_DEVICE_FAMILY = "1,2";
			};
			name = Debug;
		};
		B86793F42997C539006BFE29 /* Release */ = {
			isa = XCBuildConfiguration;
			buildSettings = {
				ASSETCATALOG_COMPILER_APPICON_NAME = AppIcon;
				ASSETCATALOG_COMPILER_GLOBAL_ACCENT_COLOR_NAME = AccentColor;
				CODE_SIGN_STYLE = Automatic;
				CURRENT_PROJECT_VERSION = 1;
				DEVELOPMENT_TEAM = 2CM47V2KMG;
				GENERATE_INFOPLIST_FILE = YES;
				INFOPLIST_FILE = HeadFlow/Info.plist;
				INFOPLIST_KEY_UIApplicationSupportsIndirectInputEvents = YES;
				INFOPLIST_KEY_UILaunchStoryboardName = LaunchScreen.storyboard;
				INFOPLIST_KEY_UIStatusBarStyle = "";
				INFOPLIST_KEY_UISupportedInterfaceOrientations_iPad = "UIInterfaceOrientationPortrait UIInterfaceOrientationPortraitUpsideDown UIInterfaceOrientationLandscapeLeft UIInterfaceOrientationLandscapeRight";
				INFOPLIST_KEY_UISupportedInterfaceOrientations_iPhone = "UIInterfaceOrientationPortrait UIInterfaceOrientationLandscapeLeft UIInterfaceOrientationLandscapeRight";
				IPHONEOS_DEPLOYMENT_TARGET = 15.0;
				LD_RUNPATH_SEARCH_PATHS = (
					"$(inherited)",
					"@executable_path/Frameworks",
				);
				MARKETING_VERSION = 1.0;
				PRODUCT_BUNDLE_IDENTIFIER = me.Daria.Andrioaie.HeadFlow;
				PRODUCT_NAME = "$(TARGET_NAME)";
				SWIFT_EMIT_LOC_STRINGS = YES;
				SWIFT_VERSION = 5.0;
				TARGETED_DEVICE_FAMILY = "1,2";
			};
			name = Release;
		};
/* End XCBuildConfiguration section */

/* Begin XCConfigurationList section */
		B86793D92997C538006BFE29 /* Build configuration list for PBXProject "HeadFlow" */ = {
			isa = XCConfigurationList;
			buildConfigurations = (
				B86793F02997C539006BFE29 /* Debug */,
				B86793F12997C539006BFE29 /* Release */,
			);
			defaultConfigurationIsVisible = 0;
			defaultConfigurationName = Release;
		};
		B86793F22997C539006BFE29 /* Build configuration list for PBXNativeTarget "HeadFlow" */ = {
			isa = XCConfigurationList;
			buildConfigurations = (
				B86793F32997C539006BFE29 /* Debug */,
				B86793F42997C539006BFE29 /* Release */,
			);
			defaultConfigurationIsVisible = 0;
			defaultConfigurationName = Release;
		};
/* End XCConfigurationList section */

/* Begin XCRemoteSwiftPackageReference section */
		B82BA8AE29B138F500853304 /* XCRemoteSwiftPackageReference "Alamofire" */ = {
			isa = XCRemoteSwiftPackageReference;
			repositoryURL = "https://github.com/Alamofire/Alamofire.git";
			requirement = {
				kind = upToNextMajorVersion;
				minimumVersion = 5.6.1;
			};
		};
		B870BF4E29BE4BAB00CC2921 /* XCRemoteSwiftPackageReference "GoogleSignIn-iOS" */ = {
			isa = XCRemoteSwiftPackageReference;
			repositoryURL = "https://github.com/google/GoogleSignIn-iOS";
			requirement = {
				kind = upToNextMajorVersion;
				minimumVersion = 7.0.0;
			};
		};
		B890AC0E29A3C35600D30572 /* XCRemoteSwiftPackageReference "PhoneNumberKit" */ = {
			isa = XCRemoteSwiftPackageReference;
			repositoryURL = "https://github.com/marmelroy/PhoneNumberKit.git";
			requirement = {
				kind = upToNextMajorVersion;
				minimumVersion = 3.4.0;
			};
		};
		B890AC1529A3FBFB00D30572 /* XCRemoteSwiftPackageReference "SwiftUI-Introspect" */ = {
			isa = XCRemoteSwiftPackageReference;
			repositoryURL = "https://github.com/siteline/SwiftUI-Introspect.git";
			requirement = {
				kind = upToNextMajorVersion;
				minimumVersion = 0.2.3;
			};
		};
		B8DE006A29B90A3C0099F374 /* XCRemoteSwiftPackageReference "realm-swift" */ = {
			isa = XCRemoteSwiftPackageReference;
			repositoryURL = "https://github.com/realm/realm-swift.git";
			requirement = {
				branch = master;
				kind = branch;
			};
		};
/* End XCRemoteSwiftPackageReference section */

/* Begin XCSwiftPackageProductDependency section */
		B82BA8AF29B138F500853304 /* Alamofire */ = {
			isa = XCSwiftPackageProductDependency;
			package = B82BA8AE29B138F500853304 /* XCRemoteSwiftPackageReference "Alamofire" */;
			productName = Alamofire;
		};
		B870BF4F29BE4BAB00CC2921 /* GoogleSignIn */ = {
			isa = XCSwiftPackageProductDependency;
			package = B870BF4E29BE4BAB00CC2921 /* XCRemoteSwiftPackageReference "GoogleSignIn-iOS" */;
			productName = GoogleSignIn;
		};
		B870BF5129BE4BAB00CC2921 /* GoogleSignInSwift */ = {
			isa = XCSwiftPackageProductDependency;
			package = B870BF4E29BE4BAB00CC2921 /* XCRemoteSwiftPackageReference "GoogleSignIn-iOS" */;
			productName = GoogleSignInSwift;
		};
		B890AC0F29A3C35600D30572 /* PhoneNumberKit */ = {
			isa = XCSwiftPackageProductDependency;
			package = B890AC0E29A3C35600D30572 /* XCRemoteSwiftPackageReference "PhoneNumberKit" */;
			productName = PhoneNumberKit;
		};
		B890AC1629A3FBFB00D30572 /* Introspect */ = {
			isa = XCSwiftPackageProductDependency;
			package = B890AC1529A3FBFB00D30572 /* XCRemoteSwiftPackageReference "SwiftUI-Introspect" */;
			productName = Introspect;
		};
		B8DE006B29B90A3C0099F374 /* RealmSwift */ = {
			isa = XCSwiftPackageProductDependency;
			package = B8DE006A29B90A3C0099F374 /* XCRemoteSwiftPackageReference "realm-swift" */;
			productName = RealmSwift;
		};
/* End XCSwiftPackageProductDependency section */
	};
	rootObject = B86793D62997C538006BFE29 /* Project object */;
}
